// !$*UTF8*$!
{
	archiveVersion = 1;
	classes = {
	};
	objectVersion = 46;
	objects = {

/* Begin PBXBuildFile section */
		B828F3521C02DB250074B5BD /* ActivitiesXML.xml in Resources */ = {isa = PBXBuildFile; fileRef = B828F31A1C02DB250074B5BD /* ActivitiesXML.xml */; };
		B828F3531C02DB250074B5BD /* MembersXML.xml in Resources */ = {isa = PBXBuildFile; fileRef = B828F31B1C02DB250074B5BD /* MembersXML.xml */; };
		B828F3541C02DB250074B5BD /* OrganizationsXML.xml in Resources */ = {isa = PBXBuildFile; fileRef = B828F31C1C02DB250074B5BD /* OrganizationsXML.xml */; };
		B828F3551C02DB250074B5BD /* daohang0.png in Resources */ = {isa = PBXBuildFile; fileRef = B828F31E1C02DB250074B5BD /* daohang0.png */; };
		B828F3561C02DB250074B5BD /* daohang1.png in Resources */ = {isa = PBXBuildFile; fileRef = B828F31F1C02DB250074B5BD /* daohang1.png */; };
		B828F3571C02DB250074B5BD /* daohang2.png in Resources */ = {isa = PBXBuildFile; fileRef = B828F3201C02DB250074B5BD /* daohang2.png */; };
		B828F3581C02DB250074B5BD /* daohang3.png in Resources */ = {isa = PBXBuildFile; fileRef = B828F3211C02DB250074B5BD /* daohang3.png */; };
		B828F3591C02DB250074B5BD /* noImage.png in Resources */ = {isa = PBXBuildFile; fileRef = B828F3221C02DB250074B5BD /* noImage.png */; };
		B828F35A1C02DB250074B5BD /* tabBarItem0.png in Resources */ = {isa = PBXBuildFile; fileRef = B828F3231C02DB250074B5BD /* tabBarItem0.png */; };
		B828F35B1C02DB250074B5BD /* tabBarItem0@2x.png in Resources */ = {isa = PBXBuildFile; fileRef = B828F3241C02DB250074B5BD /* tabBarItem0@2x.png */; };
		B828F35C1C02DB250074B5BD /* tabBarItem0@3x.png in Resources */ = {isa = PBXBuildFile; fileRef = B828F3251C02DB250074B5BD /* tabBarItem0@3x.png */; };
		B828F35D1C02DB250074B5BD /* tabBarItem1.png in Resources */ = {isa = PBXBuildFile; fileRef = B828F3261C02DB250074B5BD /* tabBarItem1.png */; };
		B828F35E1C02DB250074B5BD /* tabBarItem1@2x.png in Resources */ = {isa = PBXBuildFile; fileRef = B828F3271C02DB250074B5BD /* tabBarItem1@2x.png */; };
		B828F35F1C02DB250074B5BD /* tabBarItem1@3x.png in Resources */ = {isa = PBXBuildFile; fileRef = B828F3281C02DB250074B5BD /* tabBarItem1@3x.png */; };
		B828F3601C02DB250074B5BD /* tabBarItem2.png in Resources */ = {isa = PBXBuildFile; fileRef = B828F3291C02DB250074B5BD /* tabBarItem2.png */; };
		B828F3611C02DB250074B5BD /* tabBarItem2@2x.png in Resources */ = {isa = PBXBuildFile; fileRef = B828F32A1C02DB250074B5BD /* tabBarItem2@2x.png */; };
		B828F3621C02DB250074B5BD /* tabBarItem2@3x.png in Resources */ = {isa = PBXBuildFile; fileRef = B828F32B1C02DB250074B5BD /* tabBarItem2@3x.png */; };
		B828F3631C02DB250074B5BD /* tabBarItem3.png in Resources */ = {isa = PBXBuildFile; fileRef = B828F32C1C02DB250074B5BD /* tabBarItem3.png */; };
		B828F3641C02DB250074B5BD /* tabBarItem3@2x.png in Resources */ = {isa = PBXBuildFile; fileRef = B828F32D1C02DB250074B5BD /* tabBarItem3@2x.png */; };
		B828F3651C02DB250074B5BD /* tabBarItem3@3x.png in Resources */ = {isa = PBXBuildFile; fileRef = B828F32E1C02DB250074B5BD /* tabBarItem3@3x.png */; };
		B828F3661C02DB250074B5BD /* tabBarItem4.png in Resources */ = {isa = PBXBuildFile; fileRef = B828F32F1C02DB250074B5BD /* tabBarItem4.png */; };
		B828F3671C02DB250074B5BD /* tabBarItem4@2x.png in Resources */ = {isa = PBXBuildFile; fileRef = B828F3301C02DB250074B5BD /* tabBarItem4@2x.png */; };
		B828F3681C02DB250074B5BD /* tabBarItem4@3x.png in Resources */ = {isa = PBXBuildFile; fileRef = B828F3311C02DB250074B5BD /* tabBarItem4@3x.png */; };
		B828F3691C02DB250074B5BD /* memHeadImage0.png in Resources */ = {isa = PBXBuildFile; fileRef = B828F3341C02DB250074B5BD /* memHeadImage0.png */; };
		B828F36A1C02DB250074B5BD /* hanfu0.png in Resources */ = {isa = PBXBuildFile; fileRef = B828F3361C02DB250074B5BD /* hanfu0.png */; };
		B828F36B1C02DB250074B5BD /* hanfu1.png in Resources */ = {isa = PBXBuildFile; fileRef = B828F3371C02DB250074B5BD /* hanfu1.png */; };
		B828F36C1C02DB250074B5BD /* hanfu2.png in Resources */ = {isa = PBXBuildFile; fileRef = B828F3381C02DB250074B5BD /* hanfu2.png */; };
		B828F36D1C02DB250074B5BD /* hanfu3.png in Resources */ = {isa = PBXBuildFile; fileRef = B828F3391C02DB250074B5BD /* hanfu3.png */; };
		B828F36E1C02DB250074B5BD /* hanfu4.png in Resources */ = {isa = PBXBuildFile; fileRef = B828F33A1C02DB250074B5BD /* hanfu4.png */; };
		B828F36F1C02DB250074B5BD /* hanfu5.png in Resources */ = {isa = PBXBuildFile; fileRef = B828F33B1C02DB250074B5BD /* hanfu5.png */; };
		B828F3701C02DB250074B5BD /* hanfu6.png in Resources */ = {isa = PBXBuildFile; fileRef = B828F33C1C02DB250074B5BD /* hanfu6.png */; };
		B828F3711C02DB250074B5BD /* hanfu7.png in Resources */ = {isa = PBXBuildFile; fileRef = B828F33D1C02DB250074B5BD /* hanfu7.png */; };
		B828F3721C02DB250074B5BD /* hanfu8.png in Resources */ = {isa = PBXBuildFile; fileRef = B828F33E1C02DB250074B5BD /* hanfu8.png */; };
		B828F3731C02DB250074B5BD /* qingxie0.png in Resources */ = {isa = PBXBuildFile; fileRef = B828F3401C02DB250074B5BD /* qingxie0.png */; };
		B828F3741C02DB250074B5BD /* qingxie1.png in Resources */ = {isa = PBXBuildFile; fileRef = B828F3411C02DB250074B5BD /* qingxie1.png */; };
		B828F3751C02DB250074B5BD /* qingxie10.png in Resources */ = {isa = PBXBuildFile; fileRef = B828F3421C02DB250074B5BD /* qingxie10.png */; };
		B828F3761C02DB250074B5BD /* qingxie11.png in Resources */ = {isa = PBXBuildFile; fileRef = B828F3431C02DB250074B5BD /* qingxie11.png */; };
		B828F3771C02DB250074B5BD /* qingxie12.png in Resources */ = {isa = PBXBuildFile; fileRef = B828F3441C02DB250074B5BD /* qingxie12.png */; };
		B828F3781C02DB250074B5BD /* qingxie13.png in Resources */ = {isa = PBXBuildFile; fileRef = B828F3451C02DB250074B5BD /* qingxie13.png */; };
		B828F3791C02DB250074B5BD /* qingxie14.png in Resources */ = {isa = PBXBuildFile; fileRef = B828F3461C02DB250074B5BD /* qingxie14.png */; };
		B828F37A1C02DB250074B5BD /* qingxie15.png in Resources */ = {isa = PBXBuildFile; fileRef = B828F3471C02DB250074B5BD /* qingxie15.png */; };
		B828F37B1C02DB250074B5BD /* qingxie16.png in Resources */ = {isa = PBXBuildFile; fileRef = B828F3481C02DB250074B5BD /* qingxie16.png */; };
		B828F37C1C02DB250074B5BD /* qingxie17.png in Resources */ = {isa = PBXBuildFile; fileRef = B828F3491C02DB250074B5BD /* qingxie17.png */; };
		B828F37D1C02DB250074B5BD /* qingxie2.png in Resources */ = {isa = PBXBuildFile; fileRef = B828F34A1C02DB250074B5BD /* qingxie2.png */; };
		B828F37E1C02DB250074B5BD /* qingxie3.png in Resources */ = {isa = PBXBuildFile; fileRef = B828F34B1C02DB250074B5BD /* qingxie3.png */; };
		B828F37F1C02DB250074B5BD /* qingxie4.png in Resources */ = {isa = PBXBuildFile; fileRef = B828F34C1C02DB250074B5BD /* qingxie4.png */; };
		B828F3801C02DB250074B5BD /* qingxie5.png in Resources */ = {isa = PBXBuildFile; fileRef = B828F34D1C02DB250074B5BD /* qingxie5.png */; };
		B828F3811C02DB250074B5BD /* qingxie6.png in Resources */ = {isa = PBXBuildFile; fileRef = B828F34E1C02DB250074B5BD /* qingxie6.png */; };
		B828F3821C02DB250074B5BD /* qingxie7.png in Resources */ = {isa = PBXBuildFile; fileRef = B828F34F1C02DB250074B5BD /* qingxie7.png */; };
		B828F3831C02DB250074B5BD /* qingxie8.png in Resources */ = {isa = PBXBuildFile; fileRef = B828F3501C02DB250074B5BD /* qingxie8.png */; };
		B828F3841C02DB250074B5BD /* qingxie9.png in Resources */ = {isa = PBXBuildFile; fileRef = B828F3511C02DB250074B5BD /* qingxie9.png */; };
		B828F4021C02DFA00074B5BD /* AppDelegate.swift in Sources */ = {isa = PBXBuildFile; fileRef = B828F3D91C02DFA00074B5BD /* AppDelegate.swift */; };
		B828F4031C02DFA00074B5BD /* HuoDongTableViewCell.swift in Sources */ = {isa = PBXBuildFile; fileRef = B828F3DA1C02DFA00074B5BD /* HuoDongTableViewCell.swift */; };
		B828F4041C02DFA00074B5BD /* HuoDongTableViewController.swift in Sources */ = {isa = PBXBuildFile; fileRef = B828F3DB1C02DFA00074B5BD /* HuoDongTableViewController.swift */; };
		B828F4051C02DFA00074B5BD /* HuoDongViewController.swift in Sources */ = {isa = PBXBuildFile; fileRef = B828F3DC1C02DFA00074B5BD /* HuoDongViewController.swift */; };
		B828F4061C02DFA00074B5BD /* LiaoTianTableViewController.swift in Sources */ = {isa = PBXBuildFile; fileRef = B828F3DD1C02DFA00074B5BD /* LiaoTianTableViewController.swift */; };
		B828F4071C02DFA00074B5BD /* NewHuoDongViewController.swift in Sources */ = {isa = PBXBuildFile; fileRef = B828F3DE1C02DFA00074B5BD /* NewHuoDongViewController.swift */; };
		B828F4081C02DFA00074B5BD /* NewSheTuanViewController.swift in Sources */ = {isa = PBXBuildFile; fileRef = B828F3DF1C02DFA00074B5BD /* NewSheTuanViewController.swift */; };
		B828F4091C02DFA00074B5BD /* ShenQingJiaRuViewController.swift in Sources */ = {isa = PBXBuildFile; fileRef = B828F3E01C02DFA00074B5BD /* ShenQingJiaRuViewController.swift */; };
		B828F40A1C02DFA00074B5BD /* SheTuanTableViewCell.swift in Sources */ = {isa = PBXBuildFile; fileRef = B828F3E11C02DFA00074B5BD /* SheTuanTableViewCell.swift */; };
		B828F40B1C02DFA00074B5BD /* SheTuanTableViewController.swift in Sources */ = {isa = PBXBuildFile; fileRef = B828F3E21C02DFA00074B5BD /* SheTuanTableViewController.swift */; };
		B828F40C1C02DFA00074B5BD /* SheTuanViewController.swift in Sources */ = {isa = PBXBuildFile; fileRef = B828F3E31C02DFA00074B5BD /* SheTuanViewController.swift */; };
		B828F40D1C02DFA00074B5BD /* tabBarViewController.swift in Sources */ = {isa = PBXBuildFile; fileRef = B828F3E41C02DFA00074B5BD /* tabBarViewController.swift */; };
		B828F40E1C02DFA00074B5BD /* UICarouselView.swift in Sources */ = {isa = PBXBuildFile; fileRef = B828F3E51C02DFA00074B5BD /* UICarouselView.swift */; };
		B828F40F1C02DFA00074B5BD /* woDeGuanZhuTableViewController.swift in Sources */ = {isa = PBXBuildFile; fileRef = B828F3E61C02DFA00074B5BD /* woDeGuanZhuTableViewController.swift */; };
		B828F4101C02DFA00074B5BD /* woDeHuoDongTableViewController.swift in Sources */ = {isa = PBXBuildFile; fileRef = B828F3E71C02DFA00074B5BD /* woDeHuoDongTableViewController.swift */; };
		B828F4111C02DFA00074B5BD /* woDeSheTuanTableViewController.swift in Sources */ = {isa = PBXBuildFile; fileRef = B828F3E81C02DFA00074B5BD /* woDeSheTuanTableViewController.swift */; };
		B828F4121C02DFA00074B5BD /* woDeSuperTableViewController.swift in Sources */ = {isa = PBXBuildFile; fileRef = B828F3E91C02DFA00074B5BD /* woDeSuperTableViewController.swift */; };
		B828F4131C02DFA00074B5BD /* WoDeTableViewController.swift in Sources */ = {isa = PBXBuildFile; fileRef = B828F3EA1C02DFA00074B5BD /* WoDeTableViewController.swift */; };
		B828F4141C02DFA00074B5BD /* XinDeViewController.swift in Sources */ = {isa = PBXBuildFile; fileRef = B828F3EB1C02DFA00074B5BD /* XinDeViewController.swift */; };
		B828F4151C02DFA00074B5BD /* ccBaseLogic.swift in Sources */ = {isa = PBXBuildFile; fileRef = B828F3ED1C02DFA00074B5BD /* ccBaseLogic.swift */; };
		B828F4161C02DFA00074B5BD /* ccDataManager.swift in Sources */ = {isa = PBXBuildFile; fileRef = B828F3EE1C02DFA00074B5BD /* ccDataManager.swift */; };
		B828F4171C02DFA00074B5BD /* ccFileWapper.swift in Sources */ = {isa = PBXBuildFile; fileRef = B828F3EF1C02DFA00074B5BD /* ccFileWapper.swift */; };
		B828F4181C02DFA00074B5BD /* ccIF.swift in Sources */ = {isa = PBXBuildFile; fileRef = B828F3F01C02DFA00074B5BD /* ccIF.swift */; };
		B828F4191C02DFA00074B5BD /* ccLogicManager.swift in Sources */ = {isa = PBXBuildFile; fileRef = B828F3F11C02DFA00074B5BD /* ccLogicManager.swift */; };
		B828F41A1C02DFA00074B5BD /* ccMemberConfigData.swift in Sources */ = {isa = PBXBuildFile; fileRef = B828F3F21C02DFA00074B5BD /* ccMemberConfigData.swift */; };
		B828F41B1C02DFA00074B5BD /* ccOrgActivity.swift in Sources */ = {isa = PBXBuildFile; fileRef = B828F3F31C02DFA00074B5BD /* ccOrgActivity.swift */; };
		B828F41C1C02DFA00074B5BD /* ccOrgActivityConfigData.swift in Sources */ = {isa = PBXBuildFile; fileRef = B828F3F41C02DFA00074B5BD /* ccOrgActivityConfigData.swift */; };
		B828F41D1C02DFA00074B5BD /* ccOrganization.swift in Sources */ = {isa = PBXBuildFile; fileRef = B828F3F51C02DFA00074B5BD /* ccOrganization.swift */; };
		B828F41E1C02DFA00074B5BD /* ccOrganizationConfigData.swift in Sources */ = {isa = PBXBuildFile; fileRef = B828F3F61C02DFA00074B5BD /* ccOrganizationConfigData.swift */; };
		B828F41F1C02DFA00074B5BD /* ccOrgDataManager.swift in Sources */ = {isa = PBXBuildFile; fileRef = B828F3F71C02DFA00074B5BD /* ccOrgDataManager.swift */; };
		B828F4201C02DFA00074B5BD /* ccOrgIF.swift in Sources */ = {isa = PBXBuildFile; fileRef = B828F3F81C02DFA00074B5BD /* ccOrgIF.swift */; };
		B828F4211C02DFA00074B5BD /* ccOrgMember.swift in Sources */ = {isa = PBXBuildFile; fileRef = B828F3F91C02DFA00074B5BD /* ccOrgMember.swift */; };
		B828F4221C02DFA00074B5BD /* ccSingleton.swift in Sources */ = {isa = PBXBuildFile; fileRef = B828F3FA1C02DFA00074B5BD /* ccSingleton.swift */; };
		B828F4231C02DFA00074B5BD /* Default-568h@2x.png in Resources */ = {isa = PBXBuildFile; fileRef = B828F3FD1C02DFA00074B5BD /* Default-568h@2x.png */; };
		B828F4241C02DFA00074B5BD /* DOPDropDownMenu.m in Sources */ = {isa = PBXBuildFile; fileRef = B828F3FF1C02DFA00074B5BD /* DOPDropDownMenu.m */; };
		B828F4271C02E16B0074B5BD /* GDataXMLNode.m in Sources */ = {isa = PBXBuildFile; fileRef = B828F4011C02DFA00074B5BD /* GDataXMLNode.m */; settings = {COMPILER_FLAGS = "-fno-objc-arc"; }; };
		B85256771BD7D2B40028DD67 /* Assets.xcassets in Resources */ = {isa = PBXBuildFile; fileRef = B85256761BD7D2B40028DD67 /* Assets.xcassets */; };
		B85256851BD7D2B40028DD67 /* iZknu_0_02Tests.swift in Sources */ = {isa = PBXBuildFile; fileRef = B85256841BD7D2B40028DD67 /* iZknu_0_02Tests.swift */; };
		B8A30DF01BFC9101009B77FB /* libxml2.2.tbd in Frameworks */ = {isa = PBXBuildFile; fileRef = B8A30DEF1BFC9101009B77FB /* libxml2.2.tbd */; };
/* End PBXBuildFile section */

/* Begin PBXContainerItemProxy section */
		B85256811BD7D2B40028DD67 /* PBXContainerItemProxy */ = {
			isa = PBXContainerItemProxy;
			containerPortal = B85256641BD7D2B40028DD67 /* Project object */;
			proxyType = 1;
			remoteGlobalIDString = B852566B1BD7D2B40028DD67;
			remoteInfo = iZknu_0.02;
		};
/* End PBXContainerItemProxy section */

/* Begin PBXFileReference section */
		B828F31A1C02DB250074B5BD /* ActivitiesXML.xml */ = {isa = PBXFileReference; fileEncoding = 4; lastKnownFileType = text.xml; path = ActivitiesXML.xml; sourceTree = "<group>"; };
		B828F31B1C02DB250074B5BD /* MembersXML.xml */ = {isa = PBXFileReference; fileEncoding = 4; lastKnownFileType = text.xml; path = MembersXML.xml; sourceTree = "<group>"; };
		B828F31C1C02DB250074B5BD /* OrganizationsXML.xml */ = {isa = PBXFileReference; fileEncoding = 4; lastKnownFileType = text.xml; path = OrganizationsXML.xml; sourceTree = "<group>"; };
		B828F31E1C02DB250074B5BD /* daohang0.png */ = {isa = PBXFileReference; lastKnownFileType = image.png; path = daohang0.png; sourceTree = "<group>"; };
		B828F31F1C02DB250074B5BD /* daohang1.png */ = {isa = PBXFileReference; lastKnownFileType = image.png; path = daohang1.png; sourceTree = "<group>"; };
		B828F3201C02DB250074B5BD /* daohang2.png */ = {isa = PBXFileReference; lastKnownFileType = image.png; path = daohang2.png; sourceTree = "<group>"; };
		B828F3211C02DB250074B5BD /* daohang3.png */ = {isa = PBXFileReference; lastKnownFileType = image.png; path = daohang3.png; sourceTree = "<group>"; };
		B828F3221C02DB250074B5BD /* noImage.png */ = {isa = PBXFileReference; lastKnownFileType = image.png; path = noImage.png; sourceTree = "<group>"; };
		B828F3231C02DB250074B5BD /* tabBarItem0.png */ = {isa = PBXFileReference; lastKnownFileType = image.png; path = tabBarItem0.png; sourceTree = "<group>"; };
		B828F3241C02DB250074B5BD /* tabBarItem0@2x.png */ = {isa = PBXFileReference; lastKnownFileType = image.png; path = "tabBarItem0@2x.png"; sourceTree = "<group>"; };
		B828F3251C02DB250074B5BD /* tabBarItem0@3x.png */ = {isa = PBXFileReference; lastKnownFileType = image.png; path = "tabBarItem0@3x.png"; sourceTree = "<group>"; };
		B828F3261C02DB250074B5BD /* tabBarItem1.png */ = {isa = PBXFileReference; lastKnownFileType = image.png; path = tabBarItem1.png; sourceTree = "<group>"; };
		B828F3271C02DB250074B5BD /* tabBarItem1@2x.png */ = {isa = PBXFileReference; lastKnownFileType = image.png; path = "tabBarItem1@2x.png"; sourceTree = "<group>"; };
		B828F3281C02DB250074B5BD /* tabBarItem1@3x.png */ = {isa = PBXFileReference; lastKnownFileType = image.png; path = "tabBarItem1@3x.png"; sourceTree = "<group>"; };
		B828F3291C02DB250074B5BD /* tabBarItem2.png */ = {isa = PBXFileReference; lastKnownFileType = image.png; path = tabBarItem2.png; sourceTree = "<group>"; };
		B828F32A1C02DB250074B5BD /* tabBarItem2@2x.png */ = {isa = PBXFileReference; lastKnownFileType = image.png; path = "tabBarItem2@2x.png"; sourceTree = "<group>"; };
		B828F32B1C02DB250074B5BD /* tabBarItem2@3x.png */ = {isa = PBXFileReference; lastKnownFileType = image.png; path = "tabBarItem2@3x.png"; sourceTree = "<group>"; };
		B828F32C1C02DB250074B5BD /* tabBarItem3.png */ = {isa = PBXFileReference; lastKnownFileType = image.png; path = tabBarItem3.png; sourceTree = "<group>"; };
		B828F32D1C02DB250074B5BD /* tabBarItem3@2x.png */ = {isa = PBXFileReference; lastKnownFileType = image.png; path = "tabBarItem3@2x.png"; sourceTree = "<group>"; };
		B828F32E1C02DB250074B5BD /* tabBarItem3@3x.png */ = {isa = PBXFileReference; lastKnownFileType = image.png; path = "tabBarItem3@3x.png"; sourceTree = "<group>"; };
		B828F32F1C02DB250074B5BD /* tabBarItem4.png */ = {isa = PBXFileReference; lastKnownFileType = image.png; path = tabBarItem4.png; sourceTree = "<group>"; };
		B828F3301C02DB250074B5BD /* tabBarItem4@2x.png */ = {isa = PBXFileReference; lastKnownFileType = image.png; path = "tabBarItem4@2x.png"; sourceTree = "<group>"; };
		B828F3311C02DB250074B5BD /* tabBarItem4@3x.png */ = {isa = PBXFileReference; lastKnownFileType = image.png; path = "tabBarItem4@3x.png"; sourceTree = "<group>"; };
		B828F3341C02DB250074B5BD /* memHeadImage0.png */ = {isa = PBXFileReference; lastKnownFileType = image.png; path = memHeadImage0.png; sourceTree = "<group>"; };
		B828F3361C02DB250074B5BD /* hanfu0.png */ = {isa = PBXFileReference; lastKnownFileType = image.png; path = hanfu0.png; sourceTree = "<group>"; };
		B828F3371C02DB250074B5BD /* hanfu1.png */ = {isa = PBXFileReference; lastKnownFileType = image.png; path = hanfu1.png; sourceTree = "<group>"; };
		B828F3381C02DB250074B5BD /* hanfu2.png */ = {isa = PBXFileReference; lastKnownFileType = image.png; path = hanfu2.png; sourceTree = "<group>"; };
		B828F3391C02DB250074B5BD /* hanfu3.png */ = {isa = PBXFileReference; lastKnownFileType = image.png; path = hanfu3.png; sourceTree = "<group>"; };
		B828F33A1C02DB250074B5BD /* hanfu4.png */ = {isa = PBXFileReference; lastKnownFileType = image.png; path = hanfu4.png; sourceTree = "<group>"; };
		B828F33B1C02DB250074B5BD /* hanfu5.png */ = {isa = PBXFileReference; lastKnownFileType = image.png; path = hanfu5.png; sourceTree = "<group>"; };
		B828F33C1C02DB250074B5BD /* hanfu6.png */ = {isa = PBXFileReference; lastKnownFileType = image.png; path = hanfu6.png; sourceTree = "<group>"; };
		B828F33D1C02DB250074B5BD /* hanfu7.png */ = {isa = PBXFileReference; lastKnownFileType = image.png; path = hanfu7.png; sourceTree = "<group>"; };
		B828F33E1C02DB250074B5BD /* hanfu8.png */ = {isa = PBXFileReference; lastKnownFileType = image.png; path = hanfu8.png; sourceTree = "<group>"; };
		B828F3401C02DB250074B5BD /* qingxie0.png */ = {isa = PBXFileReference; lastKnownFileType = image.png; path = qingxie0.png; sourceTree = "<group>"; };
		B828F3411C02DB250074B5BD /* qingxie1.png */ = {isa = PBXFileReference; lastKnownFileType = image.png; path = qingxie1.png; sourceTree = "<group>"; };
		B828F3421C02DB250074B5BD /* qingxie10.png */ = {isa = PBXFileReference; lastKnownFileType = image.png; path = qingxie10.png; sourceTree = "<group>"; };
		B828F3431C02DB250074B5BD /* qingxie11.png */ = {isa = PBXFileReference; lastKnownFileType = image.png; path = qingxie11.png; sourceTree = "<group>"; };
		B828F3441C02DB250074B5BD /* qingxie12.png */ = {isa = PBXFileReference; lastKnownFileType = image.png; path = qingxie12.png; sourceTree = "<group>"; };
		B828F3451C02DB250074B5BD /* qingxie13.png */ = {isa = PBXFileReference; lastKnownFileType = image.png; path = qingxie13.png; sourceTree = "<group>"; };
		B828F3461C02DB250074B5BD /* qingxie14.png */ = {isa = PBXFileReference; lastKnownFileType = image.png; path = qingxie14.png; sourceTree = "<group>"; };
		B828F3471C02DB250074B5BD /* qingxie15.png */ = {isa = PBXFileReference; lastKnownFileType = image.png; path = qingxie15.png; sourceTree = "<group>"; };
		B828F3481C02DB250074B5BD /* qingxie16.png */ = {isa = PBXFileReference; lastKnownFileType = image.png; path = qingxie16.png; sourceTree = "<group>"; };
		B828F3491C02DB250074B5BD /* qingxie17.png */ = {isa = PBXFileReference; lastKnownFileType = image.png; path = qingxie17.png; sourceTree = "<group>"; };
		B828F34A1C02DB250074B5BD /* qingxie2.png */ = {isa = PBXFileReference; lastKnownFileType = image.png; path = qingxie2.png; sourceTree = "<group>"; };
		B828F34B1C02DB250074B5BD /* qingxie3.png */ = {isa = PBXFileReference; lastKnownFileType = image.png; path = qingxie3.png; sourceTree = "<group>"; };
		B828F34C1C02DB250074B5BD /* qingxie4.png */ = {isa = PBXFileReference; lastKnownFileType = image.png; path = qingxie4.png; sourceTree = "<group>"; };
		B828F34D1C02DB250074B5BD /* qingxie5.png */ = {isa = PBXFileReference; lastKnownFileType = image.png; path = qingxie5.png; sourceTree = "<group>"; };
		B828F34E1C02DB250074B5BD /* qingxie6.png */ = {isa = PBXFileReference; lastKnownFileType = image.png; path = qingxie6.png; sourceTree = "<group>"; };
		B828F34F1C02DB250074B5BD /* qingxie7.png */ = {isa = PBXFileReference; lastKnownFileType = image.png; path = qingxie7.png; sourceTree = "<group>"; };
		B828F3501C02DB250074B5BD /* qingxie8.png */ = {isa = PBXFileReference; lastKnownFileType = image.png; path = qingxie8.png; sourceTree = "<group>"; };
		B828F3511C02DB250074B5BD /* qingxie9.png */ = {isa = PBXFileReference; lastKnownFileType = image.png; path = qingxie9.png; sourceTree = "<group>"; };
		B828F3D91C02DFA00074B5BD /* AppDelegate.swift */ = {isa = PBXFileReference; fileEncoding = 4; lastKnownFileType = sourcecode.swift; path = AppDelegate.swift; sourceTree = "<group>"; };
		B828F3DA1C02DFA00074B5BD /* HuoDongTableViewCell.swift */ = {isa = PBXFileReference; fileEncoding = 4; lastKnownFileType = sourcecode.swift; path = HuoDongTableViewCell.swift; sourceTree = "<group>"; };
		B828F3DB1C02DFA00074B5BD /* HuoDongTableViewController.swift */ = {isa = PBXFileReference; fileEncoding = 4; lastKnownFileType = sourcecode.swift; path = HuoDongTableViewController.swift; sourceTree = "<group>"; };
		B828F3DC1C02DFA00074B5BD /* HuoDongViewController.swift */ = {isa = PBXFileReference; fileEncoding = 4; lastKnownFileType = sourcecode.swift; path = HuoDongViewController.swift; sourceTree = "<group>"; };
		B828F3DD1C02DFA00074B5BD /* LiaoTianTableViewController.swift */ = {isa = PBXFileReference; fileEncoding = 4; lastKnownFileType = sourcecode.swift; path = LiaoTianTableViewController.swift; sourceTree = "<group>"; };
		B828F3DE1C02DFA00074B5BD /* NewHuoDongViewController.swift */ = {isa = PBXFileReference; fileEncoding = 4; lastKnownFileType = sourcecode.swift; path = NewHuoDongViewController.swift; sourceTree = "<group>"; };
		B828F3DF1C02DFA00074B5BD /* NewSheTuanViewController.swift */ = {isa = PBXFileReference; fileEncoding = 4; lastKnownFileType = sourcecode.swift; path = NewSheTuanViewController.swift; sourceTree = "<group>"; };
		B828F3E01C02DFA00074B5BD /* ShenQingJiaRuViewController.swift */ = {isa = PBXFileReference; fileEncoding = 4; lastKnownFileType = sourcecode.swift; path = ShenQingJiaRuViewController.swift; sourceTree = "<group>"; };
		B828F3E11C02DFA00074B5BD /* SheTuanTableViewCell.swift */ = {isa = PBXFileReference; fileEncoding = 4; lastKnownFileType = sourcecode.swift; path = SheTuanTableViewCell.swift; sourceTree = "<group>"; };
		B828F3E21C02DFA00074B5BD /* SheTuanTableViewController.swift */ = {isa = PBXFileReference; fileEncoding = 4; lastKnownFileType = sourcecode.swift; path = SheTuanTableViewController.swift; sourceTree = "<group>"; };
		B828F3E31C02DFA00074B5BD /* SheTuanViewController.swift */ = {isa = PBXFileReference; fileEncoding = 4; lastKnownFileType = sourcecode.swift; path = SheTuanViewController.swift; sourceTree = "<group>"; };
		B828F3E41C02DFA00074B5BD /* tabBarViewController.swift */ = {isa = PBXFileReference; fileEncoding = 4; lastKnownFileType = sourcecode.swift; path = tabBarViewController.swift; sourceTree = "<group>"; };
		B828F3E51C02DFA00074B5BD /* UICarouselView.swift */ = {isa = PBXFileReference; fileEncoding = 4; lastKnownFileType = sourcecode.swift; path = UICarouselView.swift; sourceTree = "<group>"; };
		B828F3E61C02DFA00074B5BD /* woDeGuanZhuTableViewController.swift */ = {isa = PBXFileReference; fileEncoding = 4; lastKnownFileType = sourcecode.swift; path = woDeGuanZhuTableViewController.swift; sourceTree = "<group>"; };
		B828F3E71C02DFA00074B5BD /* woDeHuoDongTableViewController.swift */ = {isa = PBXFileReference; fileEncoding = 4; lastKnownFileType = sourcecode.swift; path = woDeHuoDongTableViewController.swift; sourceTree = "<group>"; };
		B828F3E81C02DFA00074B5BD /* woDeSheTuanTableViewController.swift */ = {isa = PBXFileReference; fileEncoding = 4; lastKnownFileType = sourcecode.swift; path = woDeSheTuanTableViewController.swift; sourceTree = "<group>"; };
		B828F3E91C02DFA00074B5BD /* woDeSuperTableViewController.swift */ = {isa = PBXFileReference; fileEncoding = 4; lastKnownFileType = sourcecode.swift; path = woDeSuperTableViewController.swift; sourceTree = "<group>"; };
		B828F3EA1C02DFA00074B5BD /* WoDeTableViewController.swift */ = {isa = PBXFileReference; fileEncoding = 4; lastKnownFileType = sourcecode.swift; path = WoDeTableViewController.swift; sourceTree = "<group>"; };
		B828F3EB1C02DFA00074B5BD /* XinDeViewController.swift */ = {isa = PBXFileReference; fileEncoding = 4; lastKnownFileType = sourcecode.swift; path = XinDeViewController.swift; sourceTree = "<group>"; };
		B828F3ED1C02DFA00074B5BD /* ccBaseLogic.swift */ = {isa = PBXFileReference; fileEncoding = 4; lastKnownFileType = sourcecode.swift; path = ccBaseLogic.swift; sourceTree = "<group>"; };
		B828F3EE1C02DFA00074B5BD /* ccDataManager.swift */ = {isa = PBXFileReference; fileEncoding = 4; lastKnownFileType = sourcecode.swift; path = ccDataManager.swift; sourceTree = "<group>"; };
		B828F3EF1C02DFA00074B5BD /* ccFileWapper.swift */ = {isa = PBXFileReference; fileEncoding = 4; lastKnownFileType = sourcecode.swift; path = ccFileWapper.swift; sourceTree = "<group>"; };
		B828F3F01C02DFA00074B5BD /* ccIF.swift */ = {isa = PBXFileReference; fileEncoding = 4; lastKnownFileType = sourcecode.swift; path = ccIF.swift; sourceTree = "<group>"; };
		B828F3F11C02DFA00074B5BD /* ccLogicManager.swift */ = {isa = PBXFileReference; fileEncoding = 4; lastKnownFileType = sourcecode.swift; path = ccLogicManager.swift; sourceTree = "<group>"; };
		B828F3F21C02DFA00074B5BD /* ccMemberConfigData.swift */ = {isa = PBXFileReference; fileEncoding = 4; lastKnownFileType = sourcecode.swift; path = ccMemberConfigData.swift; sourceTree = "<group>"; };
		B828F3F31C02DFA00074B5BD /* ccOrgActivity.swift */ = {isa = PBXFileReference; fileEncoding = 4; lastKnownFileType = sourcecode.swift; path = ccOrgActivity.swift; sourceTree = "<group>"; };
		B828F3F41C02DFA00074B5BD /* ccOrgActivityConfigData.swift */ = {isa = PBXFileReference; fileEncoding = 4; lastKnownFileType = sourcecode.swift; path = ccOrgActivityConfigData.swift; sourceTree = "<group>"; };
		B828F3F51C02DFA00074B5BD /* ccOrganization.swift */ = {isa = PBXFileReference; fileEncoding = 4; lastKnownFileType = sourcecode.swift; path = ccOrganization.swift; sourceTree = "<group>"; };
		B828F3F61C02DFA00074B5BD /* ccOrganizationConfigData.swift */ = {isa = PBXFileReference; fileEncoding = 4; lastKnownFileType = sourcecode.swift; path = ccOrganizationConfigData.swift; sourceTree = "<group>"; };
		B828F3F71C02DFA00074B5BD /* ccOrgDataManager.swift */ = {isa = PBXFileReference; fileEncoding = 4; lastKnownFileType = sourcecode.swift; path = ccOrgDataManager.swift; sourceTree = "<group>"; };
		B828F3F81C02DFA00074B5BD /* ccOrgIF.swift */ = {isa = PBXFileReference; fileEncoding = 4; lastKnownFileType = sourcecode.swift; path = ccOrgIF.swift; sourceTree = "<group>"; };
		B828F3F91C02DFA00074B5BD /* ccOrgMember.swift */ = {isa = PBXFileReference; fileEncoding = 4; lastKnownFileType = sourcecode.swift; path = ccOrgMember.swift; sourceTree = "<group>"; };
		B828F3FA1C02DFA00074B5BD /* ccSingleton.swift */ = {isa = PBXFileReference; fileEncoding = 4; lastKnownFileType = sourcecode.swift; path = ccSingleton.swift; sourceTree = "<group>"; };
		B828F3FD1C02DFA00074B5BD /* Default-568h@2x.png */ = {isa = PBXFileReference; lastKnownFileType = image.png; path = "Default-568h@2x.png"; sourceTree = "<group>"; };
		B828F3FE1C02DFA00074B5BD /* DOPDropDownMenu.h */ = {isa = PBXFileReference; fileEncoding = 4; lastKnownFileType = sourcecode.c.h; path = DOPDropDownMenu.h; sourceTree = "<group>"; };
		B828F3FF1C02DFA00074B5BD /* DOPDropDownMenu.m */ = {isa = PBXFileReference; fileEncoding = 4; lastKnownFileType = sourcecode.c.objc; path = DOPDropDownMenu.m; sourceTree = "<group>"; };
		B828F4001C02DFA00074B5BD /* GDataXMLNode.h */ = {isa = PBXFileReference; fileEncoding = 4; lastKnownFileType = sourcecode.c.h; path = GDataXMLNode.h; sourceTree = "<group>"; };
		B828F4011C02DFA00074B5BD /* GDataXMLNode.m */ = {isa = PBXFileReference; fileEncoding = 4; lastKnownFileType = sourcecode.c.objc; path = GDataXMLNode.m; sourceTree = "<group>"; };
		B828F4261C02E03C0074B5BD /* iZknu_0.02-Bridging-Header.h */ = {isa = PBXFileReference; fileEncoding = 4; lastKnownFileType = sourcecode.c.h; path = "iZknu_0.02-Bridging-Header.h"; sourceTree = "<group>"; };
		B852566C1BD7D2B40028DD67 /* 社团管理系统.app */ = {isa = PBXFileReference; explicitFileType = wrapper.application; includeInIndex = 0; path = "社团管理系统.app"; sourceTree = BUILT_PRODUCTS_DIR; };
		B85256761BD7D2B40028DD67 /* Assets.xcassets */ = {isa = PBXFileReference; lastKnownFileType = folder.assetcatalog; name = Assets.xcassets; path = ../Assets.xcassets; sourceTree = "<group>"; };
		B852567B1BD7D2B40028DD67 /* Info.plist */ = {isa = PBXFileReference; lastKnownFileType = text.plist.xml; name = Info.plist; path = ../Info.plist; sourceTree = "<group>"; };
		B85256801BD7D2B40028DD67 /* iZknu_0.02Tests.xctest */ = {isa = PBXFileReference; explicitFileType = wrapper.cfbundle; includeInIndex = 0; path = iZknu_0.02Tests.xctest; sourceTree = BUILT_PRODUCTS_DIR; };
		B85256841BD7D2B40028DD67 /* iZknu_0_02Tests.swift */ = {isa = PBXFileReference; lastKnownFileType = sourcecode.swift; path = iZknu_0_02Tests.swift; sourceTree = "<group>"; };
		B85256861BD7D2B40028DD67 /* Info.plist */ = {isa = PBXFileReference; lastKnownFileType = text.plist.xml; path = Info.plist; sourceTree = "<group>"; };
		B8A30DEF1BFC9101009B77FB /* libxml2.2.tbd */ = {isa = PBXFileReference; lastKnownFileType = "sourcecode.text-based-dylib-definition"; name = libxml2.2.tbd; path = usr/lib/libxml2.2.tbd; sourceTree = SDKROOT; };
/* End PBXFileReference section */

/* Begin PBXFrameworksBuildPhase section */
		B85256691BD7D2B40028DD67 /* Frameworks */ = {
			isa = PBXFrameworksBuildPhase;
			buildActionMask = 2147483647;
			files = (
				B8A30DF01BFC9101009B77FB /* libxml2.2.tbd in Frameworks */,
			);
			runOnlyForDeploymentPostprocessing = 0;
		};
		B852567D1BD7D2B40028DD67 /* Frameworks */ = {
			isa = PBXFrameworksBuildPhase;
			buildActionMask = 2147483647;
			files = (
			);
			runOnlyForDeploymentPostprocessing = 0;
		};
/* End PBXFrameworksBuildPhase section */

/* Begin PBXGroup section */
		B828F3181C02DB250074B5BD /* Cache */ = {
			isa = PBXGroup;
			children = (
				B828F3191C02DB250074B5BD /* Data */,
				B828F31D1C02DB250074B5BD /* UI */,
				B828F3321C02DB250074B5BD /* 资源 */,
			);
			path = Cache;
			sourceTree = "<group>";
		};
		B828F3191C02DB250074B5BD /* Data */ = {
			isa = PBXGroup;
			children = (
				B828F31A1C02DB250074B5BD /* ActivitiesXML.xml */,
				B828F31B1C02DB250074B5BD /* MembersXML.xml */,
				B828F31C1C02DB250074B5BD /* OrganizationsXML.xml */,
			);
			path = Data;
			sourceTree = "<group>";
		};
		B828F31D1C02DB250074B5BD /* UI */ = {
			isa = PBXGroup;
			children = (
				B828F31E1C02DB250074B5BD /* daohang0.png */,
				B828F31F1C02DB250074B5BD /* daohang1.png */,
				B828F3201C02DB250074B5BD /* daohang2.png */,
				B828F3211C02DB250074B5BD /* daohang3.png */,
				B828F3221C02DB250074B5BD /* noImage.png */,
				B828F3231C02DB250074B5BD /* tabBarItem0.png */,
				B828F3241C02DB250074B5BD /* tabBarItem0@2x.png */,
				B828F3251C02DB250074B5BD /* tabBarItem0@3x.png */,
				B828F3261C02DB250074B5BD /* tabBarItem1.png */,
				B828F3271C02DB250074B5BD /* tabBarItem1@2x.png */,
				B828F3281C02DB250074B5BD /* tabBarItem1@3x.png */,
				B828F3291C02DB250074B5BD /* tabBarItem2.png */,
				B828F32A1C02DB250074B5BD /* tabBarItem2@2x.png */,
				B828F32B1C02DB250074B5BD /* tabBarItem2@3x.png */,
				B828F32C1C02DB250074B5BD /* tabBarItem3.png */,
				B828F32D1C02DB250074B5BD /* tabBarItem3@2x.png */,
				B828F32E1C02DB250074B5BD /* tabBarItem3@3x.png */,
				B828F32F1C02DB250074B5BD /* tabBarItem4.png */,
				B828F3301C02DB250074B5BD /* tabBarItem4@2x.png */,
				B828F3311C02DB250074B5BD /* tabBarItem4@3x.png */,
			);
			path = UI;
			sourceTree = "<group>";
		};
		B828F3321C02DB250074B5BD /* 资源 */ = {
			isa = PBXGroup;
			children = (
				B828F3331C02DB250074B5BD /* 成员 */,
				B828F3351C02DB250074B5BD /* 汉服 */,
				B828F33F1C02DB250074B5BD /* 青协 */,
			);
			path = "资源";
			sourceTree = "<group>";
		};
		B828F3331C02DB250074B5BD /* 成员 */ = {
			isa = PBXGroup;
			children = (
				B828F3341C02DB250074B5BD /* memHeadImage0.png */,
			);
			path = "成员";
			sourceTree = "<group>";
		};
		B828F3351C02DB250074B5BD /* 汉服 */ = {
			isa = PBXGroup;
			children = (
				B828F3361C02DB250074B5BD /* hanfu0.png */,
				B828F3371C02DB250074B5BD /* hanfu1.png */,
				B828F3381C02DB250074B5BD /* hanfu2.png */,
				B828F3391C02DB250074B5BD /* hanfu3.png */,
				B828F33A1C02DB250074B5BD /* hanfu4.png */,
				B828F33B1C02DB250074B5BD /* hanfu5.png */,
				B828F33C1C02DB250074B5BD /* hanfu6.png */,
				B828F33D1C02DB250074B5BD /* hanfu7.png */,
				B828F33E1C02DB250074B5BD /* hanfu8.png */,
			);
			path = "汉服";
			sourceTree = "<group>";
		};
		B828F33F1C02DB250074B5BD /* 青协 */ = {
			isa = PBXGroup;
			children = (
				B828F3401C02DB250074B5BD /* qingxie0.png */,
				B828F3411C02DB250074B5BD /* qingxie1.png */,
				B828F3421C02DB250074B5BD /* qingxie10.png */,
				B828F3431C02DB250074B5BD /* qingxie11.png */,
				B828F3441C02DB250074B5BD /* qingxie12.png */,
				B828F3451C02DB250074B5BD /* qingxie13.png */,
				B828F3461C02DB250074B5BD /* qingxie14.png */,
				B828F3471C02DB250074B5BD /* qingxie15.png */,
				B828F3481C02DB250074B5BD /* qingxie16.png */,
				B828F3491C02DB250074B5BD /* qingxie17.png */,
				B828F34A1C02DB250074B5BD /* qingxie2.png */,
				B828F34B1C02DB250074B5BD /* qingxie3.png */,
				B828F34C1C02DB250074B5BD /* qingxie4.png */,
				B828F34D1C02DB250074B5BD /* qingxie5.png */,
				B828F34E1C02DB250074B5BD /* qingxie6.png */,
				B828F34F1C02DB250074B5BD /* qingxie7.png */,
				B828F3501C02DB250074B5BD /* qingxie8.png */,
				B828F3511C02DB250074B5BD /* qingxie9.png */,
			);
			path = "青协";
			sourceTree = "<group>";
		};
		B828F3D81C02DFA00074B5BD /* BLL */ = {
			isa = PBXGroup;
			children = (
				B828F3D91C02DFA00074B5BD /* AppDelegate.swift */,
				B828F3DA1C02DFA00074B5BD /* HuoDongTableViewCell.swift */,
				B828F3DB1C02DFA00074B5BD /* HuoDongTableViewController.swift */,
				B828F3DC1C02DFA00074B5BD /* HuoDongViewController.swift */,
				B828F3DD1C02DFA00074B5BD /* LiaoTianTableViewController.swift */,
				B828F3DE1C02DFA00074B5BD /* NewHuoDongViewController.swift */,
				B828F3DF1C02DFA00074B5BD /* NewSheTuanViewController.swift */,
				B828F3E01C02DFA00074B5BD /* ShenQingJiaRuViewController.swift */,
				B828F3E11C02DFA00074B5BD /* SheTuanTableViewCell.swift */,
				B828F3E21C02DFA00074B5BD /* SheTuanTableViewController.swift */,
				B828F3E31C02DFA00074B5BD /* SheTuanViewController.swift */,
				B828F3E41C02DFA00074B5BD /* tabBarViewController.swift */,
				B828F3E51C02DFA00074B5BD /* UICarouselView.swift */,
				B828F3E61C02DFA00074B5BD /* woDeGuanZhuTableViewController.swift */,
				B828F3E71C02DFA00074B5BD /* woDeHuoDongTableViewController.swift */,
				B828F3E81C02DFA00074B5BD /* woDeSheTuanTableViewController.swift */,
				B828F3E91C02DFA00074B5BD /* woDeSuperTableViewController.swift */,
				B828F3EA1C02DFA00074B5BD /* WoDeTableViewController.swift */,
				B828F3EB1C02DFA00074B5BD /* XinDeViewController.swift */,
			);
			name = BLL;
			path = iZknu_0.02/BLL;
			sourceTree = "<group>";
		};
		B828F3EC1C02DFA00074B5BD /* DAL */ = {
			isa = PBXGroup;
			children = (
				B828F3ED1C02DFA00074B5BD /* ccBaseLogic.swift */,
				B828F3EE1C02DFA00074B5BD /* ccDataManager.swift */,
				B828F3EF1C02DFA00074B5BD /* ccFileWapper.swift */,
				B828F3F01C02DFA00074B5BD /* ccIF.swift */,
				B828F3F11C02DFA00074B5BD /* ccLogicManager.swift */,
				B828F3F21C02DFA00074B5BD /* ccMemberConfigData.swift */,
				B828F3F31C02DFA00074B5BD /* ccOrgActivity.swift */,
				B828F3F41C02DFA00074B5BD /* ccOrgActivityConfigData.swift */,
				B828F3F51C02DFA00074B5BD /* ccOrganization.swift */,
				B828F3F61C02DFA00074B5BD /* ccOrganizationConfigData.swift */,
				B828F3F71C02DFA00074B5BD /* ccOrgDataManager.swift */,
				B828F3F81C02DFA00074B5BD /* ccOrgIF.swift */,
				B828F3F91C02DFA00074B5BD /* ccOrgMember.swift */,
				B828F3FA1C02DFA00074B5BD /* ccSingleton.swift */,
			);
			name = DAL;
			path = iZknu_0.02/DAL;
			sourceTree = "<group>";
		};
		B828F3FC1C02DFA00074B5BD /* Utilities */ = {
			isa = PBXGroup;
			children = (
				B828F4261C02E03C0074B5BD /* iZknu_0.02-Bridging-Header.h */,
				B828F3FD1C02DFA00074B5BD /* Default-568h@2x.png */,
				B828F3FE1C02DFA00074B5BD /* DOPDropDownMenu.h */,
				B828F3FF1C02DFA00074B5BD /* DOPDropDownMenu.m */,
				B828F4001C02DFA00074B5BD /* GDataXMLNode.h */,
				B828F4011C02DFA00074B5BD /* GDataXMLNode.m */,
				B8A30DEF1BFC9101009B77FB /* libxml2.2.tbd */,
				B852567B1BD7D2B40028DD67 /* Info.plist */,
				B85256761BD7D2B40028DD67 /* Assets.xcassets */,
			);
			name = Utilities;
			path = iZknu_0.02/Utilities;
			sourceTree = "<group>";
		};
		B85256631BD7D2B40028DD67 = {
			isa = PBXGroup;
			children = (
				B828F3181C02DB250074B5BD /* Cache */,
				B828F3FC1C02DFA00074B5BD /* Utilities */,
				B828F3EC1C02DFA00074B5BD /* DAL */,
				B828F3D81C02DFA00074B5BD /* BLL */,
				B85256831BD7D2B40028DD67 /* Tests */,
				B852566D1BD7D2B40028DD67 /* Products */,
			);
			sourceTree = "<group>";
		};
		B852566D1BD7D2B40028DD67 /* Products */ = {
			isa = PBXGroup;
			children = (
				B852566C1BD7D2B40028DD67 /* 社团管理系统.app */,
				B85256801BD7D2B40028DD67 /* iZknu_0.02Tests.xctest */,
			);
			name = Products;
			sourceTree = "<group>";
		};
		B85256831BD7D2B40028DD67 /* Tests */ = {
			isa = PBXGroup;
			children = (
				B85256841BD7D2B40028DD67 /* iZknu_0_02Tests.swift */,
				B85256861BD7D2B40028DD67 /* Info.plist */,
			);
			name = Tests;
			path = iZknu_0.02Tests;
			sourceTree = "<group>";
		};
/* End PBXGroup section */

/* Begin PBXNativeTarget section */
		B852566B1BD7D2B40028DD67 /* iZknu_0.02 */ = {
			isa = PBXNativeTarget;
			buildConfigurationList = B85256891BD7D2B40028DD67 /* Build configuration list for PBXNativeTarget "iZknu_0.02" */;
			buildPhases = (
				B85256681BD7D2B40028DD67 /* Sources */,
				B85256691BD7D2B40028DD67 /* Frameworks */,
				B852566A1BD7D2B40028DD67 /* Resources */,
			);
			buildRules = (
			);
			dependencies = (
			);
			name = iZknu_0.02;
			productName = iZknu_0.02;
			productReference = B852566C1BD7D2B40028DD67 /* 社团管理系统.app */;
			productType = "com.apple.product-type.application";
		};
		B852567F1BD7D2B40028DD67 /* iZknu_0.02Tests */ = {
			isa = PBXNativeTarget;
			buildConfigurationList = B852568C1BD7D2B40028DD67 /* Build configuration list for PBXNativeTarget "iZknu_0.02Tests" */;
			buildPhases = (
				B852567C1BD7D2B40028DD67 /* Sources */,
				B852567D1BD7D2B40028DD67 /* Frameworks */,
				B852567E1BD7D2B40028DD67 /* Resources */,
			);
			buildRules = (
			);
			dependencies = (
				B85256821BD7D2B40028DD67 /* PBXTargetDependency */,
			);
			name = iZknu_0.02Tests;
			productName = iZknu_0.02Tests;
			productReference = B85256801BD7D2B40028DD67 /* iZknu_0.02Tests.xctest */;
			productType = "com.apple.product-type.bundle.unit-test";
		};
/* End PBXNativeTarget section */

/* Begin PBXProject section */
		B85256641BD7D2B40028DD67 /* Project object */ = {
			isa = PBXProject;
			attributes = {
				LastSwiftUpdateCheck = 0710;
				LastUpgradeCheck = 0700;
				ORGANIZATIONNAME = cn.edu.zknu.jkx;
				TargetAttributes = {
					B852566B1BD7D2B40028DD67 = {
						CreatedOnToolsVersion = 7.0.1;
						DevelopmentTeam = FL3B8CL923;
					};
					B852567F1BD7D2B40028DD67 = {
						CreatedOnToolsVersion = 7.0.1;
						TestTargetID = B852566B1BD7D2B40028DD67;
					};
				};
			};
			buildConfigurationList = B85256671BD7D2B40028DD67 /* Build configuration list for PBXProject "iZknu_0.02" */;
			compatibilityVersion = "Xcode 3.2";
			developmentRegion = English;
			hasScannedForEncodings = 0;
			knownRegions = (
				en,
				Base,
			);
			mainGroup = B85256631BD7D2B40028DD67;
			productRefGroup = B852566D1BD7D2B40028DD67 /* Products */;
			projectDirPath = "";
			projectRoot = "";
			targets = (
				B852566B1BD7D2B40028DD67 /* iZknu_0.02 */,
				B852567F1BD7D2B40028DD67 /* iZknu_0.02Tests */,
			);
		};
/* End PBXProject section */

/* Begin PBXResourcesBuildPhase section */
		B852566A1BD7D2B40028DD67 /* Resources */ = {
			isa = PBXResourcesBuildPhase;
			buildActionMask = 2147483647;
			files = (
				B828F3611C02DB250074B5BD /* tabBarItem2@2x.png in Resources */,
				B85256771BD7D2B40028DD67 /* Assets.xcassets in Resources */,
				B828F3751C02DB250074B5BD /* qingxie10.png in Resources */,
				B828F36D1C02DB250074B5BD /* hanfu3.png in Resources */,
				B828F3821C02DB250074B5BD /* qingxie7.png in Resources */,
				B828F37D1C02DB250074B5BD /* qingxie2.png in Resources */,
				B828F36A1C02DB250074B5BD /* hanfu0.png in Resources */,
				B828F36F1C02DB250074B5BD /* hanfu5.png in Resources */,
				B828F3651C02DB250074B5BD /* tabBarItem3@3x.png in Resources */,
				B828F3531C02DB250074B5BD /* MembersXML.xml in Resources */,
				B828F37C1C02DB250074B5BD /* qingxie17.png in Resources */,
				B828F3771C02DB250074B5BD /* qingxie12.png in Resources */,
				B828F3761C02DB250074B5BD /* qingxie11.png in Resources */,
				B828F3621C02DB250074B5BD /* tabBarItem2@3x.png in Resources */,
				B828F3591C02DB250074B5BD /* noImage.png in Resources */,
				B828F36C1C02DB250074B5BD /* hanfu2.png in Resources */,
				B828F3801C02DB250074B5BD /* qingxie5.png in Resources */,
				B828F3711C02DB250074B5BD /* hanfu7.png in Resources */,
				B828F3671C02DB250074B5BD /* tabBarItem4@2x.png in Resources */,
				B828F3721C02DB250074B5BD /* hanfu8.png in Resources */,
				B828F37A1C02DB250074B5BD /* qingxie15.png in Resources */,
				B828F37E1C02DB250074B5BD /* qingxie3.png in Resources */,
				B828F35D1C02DB250074B5BD /* tabBarItem1.png in Resources */,
				B828F3831C02DB250074B5BD /* qingxie8.png in Resources */,
				B828F3581C02DB250074B5BD /* daohang3.png in Resources */,
				B828F37B1C02DB250074B5BD /* qingxie16.png in Resources */,
				B828F36E1C02DB250074B5BD /* hanfu4.png in Resources */,
				B828F3791C02DB250074B5BD /* qingxie14.png in Resources */,
				B828F3571C02DB250074B5BD /* daohang2.png in Resources */,
				B828F36B1C02DB250074B5BD /* hanfu1.png in Resources */,
				B828F3781C02DB250074B5BD /* qingxie13.png in Resources */,
				B828F35E1C02DB250074B5BD /* tabBarItem1@2x.png in Resources */,
				B828F35B1C02DB250074B5BD /* tabBarItem0@2x.png in Resources */,
				B828F3661C02DB250074B5BD /* tabBarItem4.png in Resources */,
				B828F35A1C02DB250074B5BD /* tabBarItem0.png in Resources */,
				B828F3631C02DB250074B5BD /* tabBarItem3.png in Resources */,
				B828F3551C02DB250074B5BD /* daohang0.png in Resources */,
				B828F3561C02DB250074B5BD /* daohang1.png in Resources */,
				B828F35F1C02DB250074B5BD /* tabBarItem1@3x.png in Resources */,
				B828F3601C02DB250074B5BD /* tabBarItem2.png in Resources */,
				B828F3731C02DB250074B5BD /* qingxie0.png in Resources */,
				B828F3641C02DB250074B5BD /* tabBarItem3@2x.png in Resources */,
				B828F3841C02DB250074B5BD /* qingxie9.png in Resources */,
				B828F37F1C02DB250074B5BD /* qingxie4.png in Resources */,
				B828F3521C02DB250074B5BD /* ActivitiesXML.xml in Resources */,
				B828F3741C02DB250074B5BD /* qingxie1.png in Resources */,
				B828F4231C02DFA00074B5BD /* Default-568h@2x.png in Resources */,
				B828F3811C02DB250074B5BD /* qingxie6.png in Resources */,
				B828F3691C02DB250074B5BD /* memHeadImage0.png in Resources */,
				B828F35C1C02DB250074B5BD /* tabBarItem0@3x.png in Resources */,
				B828F3681C02DB250074B5BD /* tabBarItem4@3x.png in Resources */,
				B828F3541C02DB250074B5BD /* OrganizationsXML.xml in Resources */,
				B828F3701C02DB250074B5BD /* hanfu6.png in Resources */,
			);
			runOnlyForDeploymentPostprocessing = 0;
		};
		B852567E1BD7D2B40028DD67 /* Resources */ = {
			isa = PBXResourcesBuildPhase;
			buildActionMask = 2147483647;
			files = (
			);
			runOnlyForDeploymentPostprocessing = 0;
		};
/* End PBXResourcesBuildPhase section */

/* Begin PBXSourcesBuildPhase section */
		B85256681BD7D2B40028DD67 /* Sources */ = {
			isa = PBXSourcesBuildPhase;
			buildActionMask = 2147483647;
			files = (
				B828F4271C02E16B0074B5BD /* GDataXMLNode.m in Sources */,
				B828F4181C02DFA00074B5BD /* ccIF.swift in Sources */,
				B828F40D1C02DFA00074B5BD /* tabBarViewController.swift in Sources */,
				B828F40B1C02DFA00074B5BD /* SheTuanTableViewController.swift in Sources */,
				B828F4141C02DFA00074B5BD /* XinDeViewController.swift in Sources */,
				B828F4161C02DFA00074B5BD /* ccDataManager.swift in Sources */,
				B828F4241C02DFA00074B5BD /* DOPDropDownMenu.m in Sources */,
				B828F4171C02DFA00074B5BD /* ccFileWapper.swift in Sources */,
				B828F41D1C02DFA00074B5BD /* ccOrganization.swift in Sources */,
				B828F4191C02DFA00074B5BD /* ccLogicManager.swift in Sources */,
				B828F4081C02DFA00074B5BD /* NewSheTuanViewController.swift in Sources */,
				B828F40A1C02DFA00074B5BD /* SheTuanTableViewCell.swift in Sources */,
				B828F4131C02DFA00074B5BD /* WoDeTableViewController.swift in Sources */,
				B828F40E1C02DFA00074B5BD /* UICarouselView.swift in Sources */,
				B828F41A1C02DFA00074B5BD /* ccMemberConfigData.swift in Sources */,
				B828F4121C02DFA00074B5BD /* woDeSuperTableViewController.swift in Sources */,
				B828F4091C02DFA00074B5BD /* ShenQingJiaRuViewController.swift in Sources */,
				B828F4031C02DFA00074B5BD /* HuoDongTableViewCell.swift in Sources */,
				B828F41F1C02DFA00074B5BD /* ccOrgDataManager.swift in Sources */,
				B828F41B1C02DFA00074B5BD /* ccOrgActivity.swift in Sources */,
				B828F4211C02DFA00074B5BD /* ccOrgMember.swift in Sources */,
				B828F4201C02DFA00074B5BD /* ccOrgIF.swift in Sources */,
				B828F4221C02DFA00074B5BD /* ccSingleton.swift in Sources */,
				B828F4101C02DFA00074B5BD /* woDeHuoDongTableViewController.swift in Sources */,
				B828F4051C02DFA00074B5BD /* HuoDongViewController.swift in Sources */,
				B828F4071C02DFA00074B5BD /* NewHuoDongViewController.swift in Sources */,
				B828F40C1C02DFA00074B5BD /* SheTuanViewController.swift in Sources */,
				B828F4061C02DFA00074B5BD /* LiaoTianTableViewController.swift in Sources */,
				B828F41E1C02DFA00074B5BD /* ccOrganizationConfigData.swift in Sources */,
				B828F4151C02DFA00074B5BD /* ccBaseLogic.swift in Sources */,
				B828F40F1C02DFA00074B5BD /* woDeGuanZhuTableViewController.swift in Sources */,
				B828F4111C02DFA00074B5BD /* woDeSheTuanTableViewController.swift in Sources */,
				B828F4041C02DFA00074B5BD /* HuoDongTableViewController.swift in Sources */,
				B828F41C1C02DFA00074B5BD /* ccOrgActivityConfigData.swift in Sources */,
				B828F4021C02DFA00074B5BD /* AppDelegate.swift in Sources */,
			);
			runOnlyForDeploymentPostprocessing = 0;
		};
		B852567C1BD7D2B40028DD67 /* Sources */ = {
			isa = PBXSourcesBuildPhase;
			buildActionMask = 2147483647;
			files = (
				B85256851BD7D2B40028DD67 /* iZknu_0_02Tests.swift in Sources */,
			);
			runOnlyForDeploymentPostprocessing = 0;
		};
/* End PBXSourcesBuildPhase section */

/* Begin PBXTargetDependency section */
		B85256821BD7D2B40028DD67 /* PBXTargetDependency */ = {
			isa = PBXTargetDependency;
			target = B852566B1BD7D2B40028DD67 /* iZknu_0.02 */;
			targetProxy = B85256811BD7D2B40028DD67 /* PBXContainerItemProxy */;
		};
/* End PBXTargetDependency section */

/* Begin XCBuildConfiguration section */
		B85256871BD7D2B40028DD67 /* Debug */ = {
			isa = XCBuildConfiguration;
			buildSettings = {
				ALWAYS_SEARCH_USER_PATHS = YES;
				CLANG_CXX_LANGUAGE_STANDARD = "gnu++0x";
				CLANG_CXX_LIBRARY = "libc++";
				CLANG_ENABLE_MODULES = YES;
				CLANG_ENABLE_OBJC_ARC = YES;
				CLANG_WARN_BOOL_CONVERSION = YES;
				CLANG_WARN_CONSTANT_CONVERSION = YES;
				CLANG_WARN_DIRECT_OBJC_ISA_USAGE = YES_ERROR;
				CLANG_WARN_EMPTY_BODY = YES;
				CLANG_WARN_ENUM_CONVERSION = YES;
				CLANG_WARN_INT_CONVERSION = YES;
				CLANG_WARN_OBJC_ROOT_CLASS = YES_ERROR;
				CLANG_WARN_UNREACHABLE_CODE = YES;
				CLANG_WARN__DUPLICATE_METHOD_MATCH = YES;
				"CODE_SIGN_IDENTITY[sdk=iphoneos*]" = "iPhone Developer";
				COPY_PHASE_STRIP = NO;
				DEBUG_INFORMATION_FORMAT = dwarf;
				ENABLE_STRICT_OBJC_MSGSEND = YES;
				ENABLE_TESTABILITY = YES;
				GCC_C_LANGUAGE_STANDARD = gnu99;
				GCC_DYNAMIC_NO_PIC = NO;
				GCC_NO_COMMON_BLOCKS = YES;
				GCC_OPTIMIZATION_LEVEL = 0;
				GCC_PREPROCESSOR_DEFINITIONS = (
					"DEBUG=1",
					"$(inherited)",
				);
				GCC_WARN_64_TO_32_BIT_CONVERSION = YES;
				GCC_WARN_ABOUT_RETURN_TYPE = YES_ERROR;
				GCC_WARN_UNDECLARED_SELECTOR = YES;
				GCC_WARN_UNINITIALIZED_AUTOS = YES_AGGRESSIVE;
				GCC_WARN_UNUSED_FUNCTION = YES;
				GCC_WARN_UNUSED_VARIABLE = YES;
				IPHONEOS_DEPLOYMENT_TARGET = 7.1;
				MTL_ENABLE_DEBUG_INFO = YES;
				ONLY_ACTIVE_ARCH = YES;
				SDKROOT = iphoneos;
				SWIFT_OPTIMIZATION_LEVEL = "-Onone";
				"USER_HEADER_SEARCH_PATHS[arch=*]" = "";
			};
			name = Debug;
		};
		B85256881BD7D2B40028DD67 /* Release */ = {
			isa = XCBuildConfiguration;
			buildSettings = {
				ALWAYS_SEARCH_USER_PATHS = YES;
				CLANG_CXX_LANGUAGE_STANDARD = "gnu++0x";
				CLANG_CXX_LIBRARY = "libc++";
				CLANG_ENABLE_MODULES = YES;
				CLANG_ENABLE_OBJC_ARC = YES;
				CLANG_WARN_BOOL_CONVERSION = YES;
				CLANG_WARN_CONSTANT_CONVERSION = YES;
				CLANG_WARN_DIRECT_OBJC_ISA_USAGE = YES_ERROR;
				CLANG_WARN_EMPTY_BODY = YES;
				CLANG_WARN_ENUM_CONVERSION = YES;
				CLANG_WARN_INT_CONVERSION = YES;
				CLANG_WARN_OBJC_ROOT_CLASS = YES_ERROR;
				CLANG_WARN_UNREACHABLE_CODE = YES;
				CLANG_WARN__DUPLICATE_METHOD_MATCH = YES;
				"CODE_SIGN_IDENTITY[sdk=iphoneos*]" = "iPhone Developer";
				COPY_PHASE_STRIP = NO;
				DEBUG_INFORMATION_FORMAT = "dwarf-with-dsym";
				ENABLE_NS_ASSERTIONS = NO;
				ENABLE_STRICT_OBJC_MSGSEND = YES;
				GCC_C_LANGUAGE_STANDARD = gnu99;
				GCC_NO_COMMON_BLOCKS = YES;
				GCC_WARN_64_TO_32_BIT_CONVERSION = YES;
				GCC_WARN_ABOUT_RETURN_TYPE = YES_ERROR;
				GCC_WARN_UNDECLARED_SELECTOR = YES;
				GCC_WARN_UNINITIALIZED_AUTOS = YES_AGGRESSIVE;
				GCC_WARN_UNUSED_FUNCTION = YES;
				GCC_WARN_UNUSED_VARIABLE = YES;
				IPHONEOS_DEPLOYMENT_TARGET = 7.1;
				MTL_ENABLE_DEBUG_INFO = NO;
				SDKROOT = iphoneos;
				"USER_HEADER_SEARCH_PATHS[arch=*]" = "";
				VALIDATE_PRODUCT = YES;
			};
			name = Release;
		};
		B852568A1BD7D2B40028DD67 /* Debug */ = {
			isa = XCBuildConfiguration;
			buildSettings = {
				ALWAYS_SEARCH_USER_PATHS = YES;
				ASSETCATALOG_COMPILER_APPICON_NAME = AppIcon;
				CLANG_ENABLE_MODULES = YES;
				CODE_SIGN_IDENTITY = "iPhone Developer";
				"CODE_SIGN_IDENTITY[sdk=iphoneos*]" = "iPhone Developer";
				FRAMEWORK_SEARCH_PATHS = (
					"$(PROJECT_DIR)/iZknu_0.02",
					"$(PROJECT_DIR)",
				);
				HEADER_SEARCH_PATHS = "$(SDK_DIR)/usr/include/libxml2";
				INFOPLIST_FILE = iZknu_0.02/Info.plist;
				IPHONEOS_DEPLOYMENT_TARGET = 7.1;
				LD_RUNPATH_SEARCH_PATHS = "$(inherited) @executable_path/Frameworks";
				OTHER_LDFLAGS = "-lxml2";
				PRODUCT_BUNDLE_IDENTIFIER = "-.iZknu-0-02";
				PRODUCT_MODULE_NAME = OrgSys;
				PRODUCT_NAME = "社团管理系统";
				PROVISIONING_PROFILE = "";
				SWIFT_OBJC_BRIDGING_HEADER = "iZknu_0.02-Bridging-Header.h";
				SWIFT_OPTIMIZATION_LEVEL = "-Onone";
			};
			name = Debug;
		};
		B852568B1BD7D2B40028DD67 /* Release */ = {
			isa = XCBuildConfiguration;
			buildSettings = {
				ALWAYS_SEARCH_USER_PATHS = YES;
				ASSETCATALOG_COMPILER_APPICON_NAME = AppIcon;
				CLANG_ENABLE_MODULES = YES;
				CODE_SIGN_IDENTITY = "iPhone Developer";
				"CODE_SIGN_IDENTITY[sdk=iphoneos*]" = "iPhone Developer";
				FRAMEWORK_SEARCH_PATHS = (
					"$(PROJECT_DIR)/iZknu_0.02",
					"$(PROJECT_DIR)",
				);
				HEADER_SEARCH_PATHS = "$(SDK_DIR)/usr/include/libxml2";
				INFOPLIST_FILE = iZknu_0.02/Info.plist;
				IPHONEOS_DEPLOYMENT_TARGET = 7.1;
				LD_RUNPATH_SEARCH_PATHS = "$(inherited) @executable_path/Frameworks";
				OTHER_LDFLAGS = "-lxml2";
				PRODUCT_BUNDLE_IDENTIFIER = "-.iZknu-0-02";
				PRODUCT_MODULE_NAME = OrgSys;
				PRODUCT_NAME = "社团管理系统";
				PROVISIONING_PROFILE = "";
				SWIFT_OBJC_BRIDGING_HEADER = "iZknu_0.02-Bridging-Header.h";
			};
			name = Release;
		};
		B852568D1BD7D2B40028DD67 /* Debug */ = {
			isa = XCBuildConfiguration;
			buildSettings = {
				BUNDLE_LOADER = "$(TEST_HOST)";
				INFOPLIST_FILE = iZknu_0.02Tests/Info.plist;
				LD_RUNPATH_SEARCH_PATHS = "$(inherited) @executable_path/Frameworks @loader_path/Frameworks";
				PRODUCT_BUNDLE_IDENTIFIER = "-.iZknu-0-02Tests";
				PRODUCT_NAME = "$(TARGET_NAME)";
				TEST_HOST = "$(BUILT_PRODUCTS_DIR)/iZknu_0.02.app/iZknu_0.02";
			};
			name = Debug;
		};
		B852568E1BD7D2B40028DD67 /* Release */ = {
			isa = XCBuildConfiguration;
			buildSettings = {
				BUNDLE_LOADER = "$(TEST_HOST)";
				INFOPLIST_FILE = iZknu_0.02Tests/Info.plist;
				LD_RUNPATH_SEARCH_PATHS = "$(inherited) @executable_path/Frameworks @loader_path/Frameworks";
				PRODUCT_BUNDLE_IDENTIFIER = "-.iZknu-0-02Tests";
				PRODUCT_NAME = "$(TARGET_NAME)";
				TEST_HOST = "$(BUILT_PRODUCTS_DIR)/iZknu_0.02.app/iZknu_0.02";
			};
			name = Release;
		};
/* End XCBuildConfiguration section */

/* Begin XCConfigurationList section */
		B85256671BD7D2B40028DD67 /* Build configuration list for PBXProject "iZknu_0.02" */ = {
			isa = XCConfigurationList;
			buildConfigurations = (
				B85256871BD7D2B40028DD67 /* Debug */,
				B85256881BD7D2B40028DD67 /* Release */,
			);
			defaultConfigurationIsVisible = 0;
			defaultConfigurationName = Release;
		};
		B85256891BD7D2B40028DD67 /* Build configuration list for PBXNativeTarget "iZknu_0.02" */ = {
			isa = XCConfigurationList;
			buildConfigurations = (
				B852568A1BD7D2B40028DD67 /* Debug */,
				B852568B1BD7D2B40028DD67 /* Release */,
			);
			defaultConfigurationIsVisible = 0;
			defaultConfigurationName = Release;
		};
		B852568C1BD7D2B40028DD67 /* Build configuration list for PBXNativeTarget "iZknu_0.02Tests" */ = {
			isa = XCConfigurationList;
			buildConfigurations = (
				B852568D1BD7D2B40028DD67 /* Debug */,
				B852568E1BD7D2B40028DD67 /* Release */,
			);
			defaultConfigurationIsVisible = 0;
			defaultConfigurationName = Release;
		};
/* End XCConfigurationList section */
	};
	rootObject = B85256641BD7D2B40028DD67 /* Project object */;
}
