// !$*UTF8*$!
{
	archiveVersion = 1;
	classes = {
	};
	objectVersion = 46;
	objects = {

/* Begin PBXBuildFile section */
		B805FD4B1BE8C940001DC7AA /* NewHuoDongViewController.swift in Sources */ = {isa = PBXBuildFile; fileRef = B805FD4A1BE8C940001DC7AA /* NewHuoDongViewController.swift */; };
		B805FD4D1BE8C94C001DC7AA /* NewSheTuanViewController.swift in Sources */ = {isa = PBXBuildFile; fileRef = B805FD4C1BE8C94C001DC7AA /* NewSheTuanViewController.swift */; };
		B83025C91BF6C8CF00752EAE /* DOPDropDownMenu.m in Sources */ = {isa = PBXBuildFile; fileRef = B83025C81BF6C8CF00752EAE /* DOPDropDownMenu.m */; };
		B83025CB1BF83E6E00752EAE /* ShenQingJiaRuViewController.swift in Sources */ = {isa = PBXBuildFile; fileRef = B83025CA1BF83E6E00752EAE /* ShenQingJiaRuViewController.swift */; };
		B83BDC491BDDF527008DA4A6 /* ChuangJianDeSheTuanTableViewController.swift in Sources */ = {isa = PBXBuildFile; fileRef = B83BDC481BDDF527008DA4A6 /* ChuangJianDeSheTuanTableViewController.swift */; };
		B83BDC4B1BDDF53F008DA4A6 /* JiaRuDeSheTuanTableViewController.swift in Sources */ = {isa = PBXBuildFile; fileRef = B83BDC4A1BDDF53F008DA4A6 /* JiaRuDeSheTuanTableViewController.swift */; };
		B83BDC4D1BDDF57D008DA4A6 /* ChuangJianDeHuoDongTableViewController.swift in Sources */ = {isa = PBXBuildFile; fileRef = B83BDC4C1BDDF57D008DA4A6 /* ChuangJianDeHuoDongTableViewController.swift */; };
		B83BDC4F1BDDF58B008DA4A6 /* CanJiaDeHuoDongTableViewController.swift in Sources */ = {isa = PBXBuildFile; fileRef = B83BDC4E1BDDF58B008DA4A6 /* CanJiaDeHuoDongTableViewController.swift */; };
		B83BDC511BDDF59B008DA4A6 /* WoDeGuanZhuTableViewController.swift in Sources */ = {isa = PBXBuildFile; fileRef = B83BDC501BDDF59B008DA4A6 /* WoDeGuanZhuTableViewController.swift */; };
		B8466B621BF475AE0086EE0F /* UICarouselView.swift in Sources */ = {isa = PBXBuildFile; fileRef = B8466B611BF475AE0086EE0F /* UICarouselView.swift */; };
		B85256701BD7D2B40028DD67 /* AppDelegate.swift in Sources */ = {isa = PBXBuildFile; fileRef = B852566F1BD7D2B40028DD67 /* AppDelegate.swift */; };
		B85256771BD7D2B40028DD67 /* Assets.xcassets in Resources */ = {isa = PBXBuildFile; fileRef = B85256761BD7D2B40028DD67 /* Assets.xcassets */; };
		B85256851BD7D2B40028DD67 /* iZknu_0_02Tests.swift in Sources */ = {isa = PBXBuildFile; fileRef = B85256841BD7D2B40028DD67 /* iZknu_0_02Tests.swift */; };
		B852569A1BD8AE010028DD67 /* HuoDongTableViewController.swift in Sources */ = {isa = PBXBuildFile; fileRef = B85256991BD8AE010028DD67 /* HuoDongTableViewController.swift */; };
		B852569C1BD8AE0F0028DD67 /* SheTuanTableViewController.swift in Sources */ = {isa = PBXBuildFile; fileRef = B852569B1BD8AE0F0028DD67 /* SheTuanTableViewController.swift */; };
		B852569E1BD8AE1C0028DD67 /* LiaoTianTableViewController.swift in Sources */ = {isa = PBXBuildFile; fileRef = B852569D1BD8AE1C0028DD67 /* LiaoTianTableViewController.swift */; };
		B85256A01BD8AE270028DD67 /* WoDeTableViewController.swift in Sources */ = {isa = PBXBuildFile; fileRef = B852569F1BD8AE270028DD67 /* WoDeTableViewController.swift */; };
		B85256A41BD8C90B0028DD67 /* XinDeViewController.swift in Sources */ = {isa = PBXBuildFile; fileRef = B85256A31BD8C90B0028DD67 /* XinDeViewController.swift */; };
		B8A30DEE1BFC90DA009B77FB /* GDataXMLNode.m in Sources */ = {isa = PBXBuildFile; fileRef = B8A30DED1BFC90DA009B77FB /* GDataXMLNode.m */; settings = {COMPILER_FLAGS = "-fno-objc-arc"; }; };
		B8A30DF01BFC9101009B77FB /* libxml2.2.tbd in Frameworks */ = {isa = PBXBuildFile; fileRef = B8A30DEF1BFC9101009B77FB /* libxml2.2.tbd */; };
		B8A30E021BFCAA17009B77FB /* ccDataManager.swift in Sources */ = {isa = PBXBuildFile; fileRef = B8A30E011BFCAA17009B77FB /* ccDataManager.swift */; };
		B8A30E041BFCAA1D009B77FB /* ccLogicManager.swift in Sources */ = {isa = PBXBuildFile; fileRef = B8A30E031BFCAA1D009B77FB /* ccLogicManager.swift */; };
		B8A30E061BFCAA23009B77FB /* ccIF.swift in Sources */ = {isa = PBXBuildFile; fileRef = B8A30E051BFCAA23009B77FB /* ccIF.swift */; };
		B8A30E081BFCAA39009B77FB /* ccBaseLogic.swift in Sources */ = {isa = PBXBuildFile; fileRef = B8A30E071BFCAA39009B77FB /* ccBaseLogic.swift */; };
		B8A30E0A1BFCAA4A009B77FB /* ccFileWapper.swift in Sources */ = {isa = PBXBuildFile; fileRef = B8A30E091BFCAA4A009B77FB /* ccFileWapper.swift */; };
		B8A30E0C1BFCAA59009B77FB /* ccSingleton.swift in Sources */ = {isa = PBXBuildFile; fileRef = B8A30E0B1BFCAA59009B77FB /* ccSingleton.swift */; };
		B8A30E0F1BFCAA84009B77FB /* ccMemberConfigData.swift in Sources */ = {isa = PBXBuildFile; fileRef = B8A30E0E1BFCAA84009B77FB /* ccMemberConfigData.swift */; };
		B8A30E111BFCAA88009B77FB /* ccOrganization.swift in Sources */ = {isa = PBXBuildFile; fileRef = B8A30E101BFCAA88009B77FB /* ccOrganization.swift */; };
		B8A30E131BFCAA8D009B77FB /* ccOrgDataManager.swift in Sources */ = {isa = PBXBuildFile; fileRef = B8A30E121BFCAA8D009B77FB /* ccOrgDataManager.swift */; };
		B8A30E151BFCAA92009B77FB /* ccOrgIF.swift in Sources */ = {isa = PBXBuildFile; fileRef = B8A30E141BFCAA92009B77FB /* ccOrgIF.swift */; };
		B8A30E171BFCAA9B009B77FB /* ccOrgMember.swift in Sources */ = {isa = PBXBuildFile; fileRef = B8A30E161BFCAA9B009B77FB /* ccOrgMember.swift */; };
		B8A30E1D1BFCB24D009B77FB /* MembersXML.xml in Resources */ = {isa = PBXBuildFile; fileRef = B8A30E1C1BFCB24D009B77FB /* MembersXML.xml */; };
		B8A30E1F1BFDEC65009B77FB /* ccOrgActivity.swift in Sources */ = {isa = PBXBuildFile; fileRef = B8A30E1E1BFDEC65009B77FB /* ccOrgActivity.swift */; };
		B8A30E211BFDF380009B77FB /* ccOrganizationConfigData.swift in Sources */ = {isa = PBXBuildFile; fileRef = B8A30E201BFDF380009B77FB /* ccOrganizationConfigData.swift */; };
		B8A30E231BFDF6BC009B77FB /* SheTuanTableViewCell.swift in Sources */ = {isa = PBXBuildFile; fileRef = B8A30E221BFDF6BC009B77FB /* SheTuanTableViewCell.swift */; };
		B8A30E5E1BFEE5CA009B77FB /* OrganizationsXML.xml in Resources */ = {isa = PBXBuildFile; fileRef = B8A30E5D1BFEE5CA009B77FB /* OrganizationsXML.xml */; };
		B8A392781BDA68AC0062CA3E /* HuoDongViewController.swift in Sources */ = {isa = PBXBuildFile; fileRef = B8A392771BDA68AC0062CA3E /* HuoDongViewController.swift */; };
		B8DD71501BD90A03003D8C15 /* Default-568h@2x.png in Resources */ = {isa = PBXBuildFile; fileRef = B8DD714F1BD90A03003D8C15 /* Default-568h@2x.png */; };
		B8E3F0571BDB2833004C9431 /* SheTuanViewController.swift in Sources */ = {isa = PBXBuildFile; fileRef = B8E3F0561BDB2833004C9431 /* SheTuanViewController.swift */; };
/* End PBXBuildFile section */

/* Begin PBXContainerItemProxy section */
		B85256811BD7D2B40028DD67 /* PBXContainerItemProxy */ = {
			isa = PBXContainerItemProxy;
			containerPortal = B85256641BD7D2B40028DD67 /* Project object */;
			proxyType = 1;
			remoteGlobalIDString = B852566B1BD7D2B40028DD67;
			remoteInfo = iZknu_0.02;
		};
/* End PBXContainerItemProxy section */

/* Begin PBXFileReference section */
		B805FD4A1BE8C940001DC7AA /* NewHuoDongViewController.swift */ = {isa = PBXFileReference; fileEncoding = 4; lastKnownFileType = sourcecode.swift; path = NewHuoDongViewController.swift; sourceTree = "<group>"; };
		B805FD4C1BE8C94C001DC7AA /* NewSheTuanViewController.swift */ = {isa = PBXFileReference; fileEncoding = 4; lastKnownFileType = sourcecode.swift; path = NewSheTuanViewController.swift; sourceTree = "<group>"; };
		B83025C61BF6C8CF00752EAE /* iZknu_0.02-Bridging-Header.h */ = {isa = PBXFileReference; lastKnownFileType = sourcecode.c.h; path = "iZknu_0.02-Bridging-Header.h"; sourceTree = "<group>"; };
		B83025C71BF6C8CF00752EAE /* DOPDropDownMenu.h */ = {isa = PBXFileReference; fileEncoding = 4; lastKnownFileType = sourcecode.c.h; path = DOPDropDownMenu.h; sourceTree = "<group>"; };
		B83025C81BF6C8CF00752EAE /* DOPDropDownMenu.m */ = {isa = PBXFileReference; fileEncoding = 4; lastKnownFileType = sourcecode.c.objc; path = DOPDropDownMenu.m; sourceTree = "<group>"; };
		B83025CA1BF83E6E00752EAE /* ShenQingJiaRuViewController.swift */ = {isa = PBXFileReference; fileEncoding = 4; lastKnownFileType = sourcecode.swift; path = ShenQingJiaRuViewController.swift; sourceTree = "<group>"; };
		B83BDC481BDDF527008DA4A6 /* ChuangJianDeSheTuanTableViewController.swift */ = {isa = PBXFileReference; fileEncoding = 4; lastKnownFileType = sourcecode.swift; path = ChuangJianDeSheTuanTableViewController.swift; sourceTree = "<group>"; };
		B83BDC4A1BDDF53F008DA4A6 /* JiaRuDeSheTuanTableViewController.swift */ = {isa = PBXFileReference; fileEncoding = 4; lastKnownFileType = sourcecode.swift; path = JiaRuDeSheTuanTableViewController.swift; sourceTree = "<group>"; };
		B83BDC4C1BDDF57D008DA4A6 /* ChuangJianDeHuoDongTableViewController.swift */ = {isa = PBXFileReference; fileEncoding = 4; lastKnownFileType = sourcecode.swift; path = ChuangJianDeHuoDongTableViewController.swift; sourceTree = "<group>"; };
		B83BDC4E1BDDF58B008DA4A6 /* CanJiaDeHuoDongTableViewController.swift */ = {isa = PBXFileReference; fileEncoding = 4; lastKnownFileType = sourcecode.swift; path = CanJiaDeHuoDongTableViewController.swift; sourceTree = "<group>"; };
		B83BDC501BDDF59B008DA4A6 /* WoDeGuanZhuTableViewController.swift */ = {isa = PBXFileReference; fileEncoding = 4; lastKnownFileType = sourcecode.swift; path = WoDeGuanZhuTableViewController.swift; sourceTree = "<group>"; };
		B8466B611BF475AE0086EE0F /* UICarouselView.swift */ = {isa = PBXFileReference; fileEncoding = 4; lastKnownFileType = sourcecode.swift; path = UICarouselView.swift; sourceTree = "<group>"; };
		B852566C1BD7D2B40028DD67 /* iZknu_0.02.app */ = {isa = PBXFileReference; explicitFileType = wrapper.application; includeInIndex = 0; path = iZknu_0.02.app; sourceTree = BUILT_PRODUCTS_DIR; };
		B852566F1BD7D2B40028DD67 /* AppDelegate.swift */ = {isa = PBXFileReference; lastKnownFileType = sourcecode.swift; path = AppDelegate.swift; sourceTree = "<group>"; };
		B85256761BD7D2B40028DD67 /* Assets.xcassets */ = {isa = PBXFileReference; lastKnownFileType = folder.assetcatalog; name = Assets.xcassets; path = iZknu_0.02/Assets.xcassets; sourceTree = "<group>"; };
		B852567B1BD7D2B40028DD67 /* Info.plist */ = {isa = PBXFileReference; lastKnownFileType = text.plist.xml; name = Info.plist; path = iZknu_0.02/Info.plist; sourceTree = "<group>"; };
		B85256801BD7D2B40028DD67 /* iZknu_0.02Tests.xctest */ = {isa = PBXFileReference; explicitFileType = wrapper.cfbundle; includeInIndex = 0; path = iZknu_0.02Tests.xctest; sourceTree = BUILT_PRODUCTS_DIR; };
		B85256841BD7D2B40028DD67 /* iZknu_0_02Tests.swift */ = {isa = PBXFileReference; lastKnownFileType = sourcecode.swift; path = iZknu_0_02Tests.swift; sourceTree = "<group>"; };
		B85256861BD7D2B40028DD67 /* Info.plist */ = {isa = PBXFileReference; lastKnownFileType = text.plist.xml; path = Info.plist; sourceTree = "<group>"; };
		B85256991BD8AE010028DD67 /* HuoDongTableViewController.swift */ = {isa = PBXFileReference; fileEncoding = 4; lastKnownFileType = sourcecode.swift; path = HuoDongTableViewController.swift; sourceTree = "<group>"; };
		B852569B1BD8AE0F0028DD67 /* SheTuanTableViewController.swift */ = {isa = PBXFileReference; fileEncoding = 4; lastKnownFileType = sourcecode.swift; path = SheTuanTableViewController.swift; sourceTree = "<group>"; };
		B852569D1BD8AE1C0028DD67 /* LiaoTianTableViewController.swift */ = {isa = PBXFileReference; fileEncoding = 4; lastKnownFileType = sourcecode.swift; path = LiaoTianTableViewController.swift; sourceTree = "<group>"; };
		B852569F1BD8AE270028DD67 /* WoDeTableViewController.swift */ = {isa = PBXFileReference; fileEncoding = 4; lastKnownFileType = sourcecode.swift; path = WoDeTableViewController.swift; sourceTree = "<group>"; };
		B85256A31BD8C90B0028DD67 /* XinDeViewController.swift */ = {isa = PBXFileReference; fileEncoding = 4; lastKnownFileType = sourcecode.swift; path = XinDeViewController.swift; sourceTree = "<group>"; };
		B8A30DEC1BFC90BA009B77FB /* GDataXMLNode.h */ = {isa = PBXFileReference; lastKnownFileType = sourcecode.c.h; path = GDataXMLNode.h; sourceTree = "<group>"; };
		B8A30DED1BFC90DA009B77FB /* GDataXMLNode.m */ = {isa = PBXFileReference; fileEncoding = 4; lastKnownFileType = sourcecode.c.objc; path = GDataXMLNode.m; sourceTree = "<group>"; };
		B8A30DEF1BFC9101009B77FB /* libxml2.2.tbd */ = {isa = PBXFileReference; lastKnownFileType = "sourcecode.text-based-dylib-definition"; name = libxml2.2.tbd; path = usr/lib/libxml2.2.tbd; sourceTree = SDKROOT; };
		B8A30E011BFCAA17009B77FB /* ccDataManager.swift */ = {isa = PBXFileReference; fileEncoding = 4; lastKnownFileType = sourcecode.swift; path = ccDataManager.swift; sourceTree = "<group>"; };
		B8A30E031BFCAA1D009B77FB /* ccLogicManager.swift */ = {isa = PBXFileReference; fileEncoding = 4; lastKnownFileType = sourcecode.swift; path = ccLogicManager.swift; sourceTree = "<group>"; };
		B8A30E051BFCAA23009B77FB /* ccIF.swift */ = {isa = PBXFileReference; fileEncoding = 4; lastKnownFileType = sourcecode.swift; path = ccIF.swift; sourceTree = "<group>"; };
		B8A30E071BFCAA39009B77FB /* ccBaseLogic.swift */ = {isa = PBXFileReference; fileEncoding = 4; lastKnownFileType = sourcecode.swift; path = ccBaseLogic.swift; sourceTree = "<group>"; };
		B8A30E091BFCAA4A009B77FB /* ccFileWapper.swift */ = {isa = PBXFileReference; fileEncoding = 4; lastKnownFileType = sourcecode.swift; path = ccFileWapper.swift; sourceTree = "<group>"; };
		B8A30E0B1BFCAA59009B77FB /* ccSingleton.swift */ = {isa = PBXFileReference; fileEncoding = 4; lastKnownFileType = sourcecode.swift; path = ccSingleton.swift; sourceTree = "<group>"; };
		B8A30E0E1BFCAA84009B77FB /* ccMemberConfigData.swift */ = {isa = PBXFileReference; fileEncoding = 4; lastKnownFileType = sourcecode.swift; path = ccMemberConfigData.swift; sourceTree = "<group>"; };
		B8A30E101BFCAA88009B77FB /* ccOrganization.swift */ = {isa = PBXFileReference; fileEncoding = 4; lastKnownFileType = sourcecode.swift; path = ccOrganization.swift; sourceTree = "<group>"; };
		B8A30E121BFCAA8D009B77FB /* ccOrgDataManager.swift */ = {isa = PBXFileReference; fileEncoding = 4; lastKnownFileType = sourcecode.swift; path = ccOrgDataManager.swift; sourceTree = "<group>"; };
		B8A30E141BFCAA92009B77FB /* ccOrgIF.swift */ = {isa = PBXFileReference; fileEncoding = 4; lastKnownFileType = sourcecode.swift; path = ccOrgIF.swift; sourceTree = "<group>"; };
		B8A30E161BFCAA9B009B77FB /* ccOrgMember.swift */ = {isa = PBXFileReference; fileEncoding = 4; lastKnownFileType = sourcecode.swift; path = ccOrgMember.swift; sourceTree = "<group>"; };
		B8A30E1C1BFCB24D009B77FB /* MembersXML.xml */ = {isa = PBXFileReference; fileEncoding = 4; lastKnownFileType = text.xml; path = MembersXML.xml; sourceTree = "<group>"; };
		B8A30E1E1BFDEC65009B77FB /* ccOrgActivity.swift */ = {isa = PBXFileReference; fileEncoding = 4; lastKnownFileType = sourcecode.swift; path = ccOrgActivity.swift; sourceTree = "<group>"; };
		B8A30E201BFDF380009B77FB /* ccOrganizationConfigData.swift */ = {isa = PBXFileReference; fileEncoding = 4; lastKnownFileType = sourcecode.swift; path = ccOrganizationConfigData.swift; sourceTree = "<group>"; };
		B8A30E221BFDF6BC009B77FB /* SheTuanTableViewCell.swift */ = {isa = PBXFileReference; fileEncoding = 4; lastKnownFileType = sourcecode.swift; path = SheTuanTableViewCell.swift; sourceTree = "<group>"; };
		B8A30E5D1BFEE5CA009B77FB /* OrganizationsXML.xml */ = {isa = PBXFileReference; fileEncoding = 4; lastKnownFileType = text.xml; path = OrganizationsXML.xml; sourceTree = "<group>"; };
		B8A392771BDA68AC0062CA3E /* HuoDongViewController.swift */ = {isa = PBXFileReference; fileEncoding = 4; lastKnownFileType = sourcecode.swift; path = HuoDongViewController.swift; sourceTree = "<group>"; };
		B8DD714F1BD90A03003D8C15 /* Default-568h@2x.png */ = {isa = PBXFileReference; lastKnownFileType = image.png; path = "Default-568h@2x.png"; sourceTree = "<group>"; };
		B8E3F0561BDB2833004C9431 /* SheTuanViewController.swift */ = {isa = PBXFileReference; fileEncoding = 4; lastKnownFileType = sourcecode.swift; path = SheTuanViewController.swift; sourceTree = "<group>"; };
/* End PBXFileReference section */

/* Begin PBXFrameworksBuildPhase section */
		B85256691BD7D2B40028DD67 /* Frameworks */ = {
			isa = PBXFrameworksBuildPhase;
			buildActionMask = 2147483647;
			files = (
				B8A30DF01BFC9101009B77FB /* libxml2.2.tbd in Frameworks */,
			);
			runOnlyForDeploymentPostprocessing = 0;
		};
		B852567D1BD7D2B40028DD67 /* Frameworks */ = {
			isa = PBXFrameworksBuildPhase;
			buildActionMask = 2147483647;
			files = (
			);
			runOnlyForDeploymentPostprocessing = 0;
		};
/* End PBXFrameworksBuildPhase section */

/* Begin PBXGroup section */
		B83025C51BF6C89500752EAE /* Frameworks */ = {
			isa = PBXGroup;
			children = (
				B8A30E001BFCA9A1009B77FB /* ccCore */,
				B8A30DEF1BFC9101009B77FB /* libxml2.2.tbd */,
			);
			name = Frameworks;
			sourceTree = "<group>";
		};
		B85256631BD7D2B40028DD67 = {
			isa = PBXGroup;
			children = (
				B8DD714F1BD90A03003D8C15 /* Default-568h@2x.png */,
				B85256761BD7D2B40028DD67 /* Assets.xcassets */,
				B852567B1BD7D2B40028DD67 /* Info.plist */,
				B8A30E1B1BFCB227009B77FB /* Samples */,
				B8A30DE91BFC7DB2009B77FB /* Utilities */,
				B83025C51BF6C89500752EAE /* Frameworks */,
				B8A30E0D1BFCAA79009B77FB /* DAL */,
				B852566E1BD7D2B40028DD67 /* BLL */,
				B85256831BD7D2B40028DD67 /* Tests */,
				B852566D1BD7D2B40028DD67 /* Products */,
			);
			sourceTree = "<group>";
		};
		B852566D1BD7D2B40028DD67 /* Products */ = {
			isa = PBXGroup;
			children = (
				B852566C1BD7D2B40028DD67 /* iZknu_0.02.app */,
				B85256801BD7D2B40028DD67 /* iZknu_0.02Tests.xctest */,
			);
			name = Products;
			sourceTree = "<group>";
		};
		B852566E1BD7D2B40028DD67 /* BLL */ = {
			isa = PBXGroup;
			children = (
				B852566F1BD7D2B40028DD67 /* AppDelegate.swift */,
				B85256991BD8AE010028DD67 /* HuoDongTableViewController.swift */,
				B852569B1BD8AE0F0028DD67 /* SheTuanTableViewController.swift */,
				B85256A31BD8C90B0028DD67 /* XinDeViewController.swift */,
				B852569D1BD8AE1C0028DD67 /* LiaoTianTableViewController.swift */,
				B852569F1BD8AE270028DD67 /* WoDeTableViewController.swift */,
				B8DD71511BD912B8003D8C15 /* 活动 */,
				B8A392791BDA73A60062CA3E /* 社团 */,
				B8A3927A1BDA73C50062CA3E /* 新的 */,
				B8A3927B1BDA740A0062CA3E /* 聊天 */,
				B8A3927C1BDA741A0062CA3E /* 我的 */,
			);
			name = BLL;
			path = iZknu_0.02;
			sourceTree = "<group>";
		};
		B85256831BD7D2B40028DD67 /* Tests */ = {
			isa = PBXGroup;
			children = (
				B85256841BD7D2B40028DD67 /* iZknu_0_02Tests.swift */,
				B85256861BD7D2B40028DD67 /* Info.plist */,
			);
			name = Tests;
			path = iZknu_0.02Tests;
			sourceTree = "<group>";
		};
		B8A30DE91BFC7DB2009B77FB /* Utilities */ = {
			isa = PBXGroup;
			children = (
				B8A30DEC1BFC90BA009B77FB /* GDataXMLNode.h */,
				B8A30DED1BFC90DA009B77FB /* GDataXMLNode.m */,
				B83025C71BF6C8CF00752EAE /* DOPDropDownMenu.h */,
				B83025C81BF6C8CF00752EAE /* DOPDropDownMenu.m */,
				B83025C61BF6C8CF00752EAE /* iZknu_0.02-Bridging-Header.h */,
				B8466B611BF475AE0086EE0F /* UICarouselView.swift */,
			);
			name = Utilities;
			sourceTree = "<group>";
		};
		B8A30E001BFCA9A1009B77FB /* ccCore */ = {
			isa = PBXGroup;
			children = (
				B8A30E071BFCAA39009B77FB /* ccBaseLogic.swift */,
				B8A30E051BFCAA23009B77FB /* ccIF.swift */,
				B8A30E011BFCAA17009B77FB /* ccDataManager.swift */,
				B8A30E0B1BFCAA59009B77FB /* ccSingleton.swift */,
				B8A30E031BFCAA1D009B77FB /* ccLogicManager.swift */,
				B8A30E091BFCAA4A009B77FB /* ccFileWapper.swift */,
			);
			name = ccCore;
			sourceTree = "<group>";
		};
		B8A30E0D1BFCAA79009B77FB /* DAL */ = {
			isa = PBXGroup;
			children = (
				B8A30E161BFCAA9B009B77FB /* ccOrgMember.swift */,
				B8A30E141BFCAA92009B77FB /* ccOrgIF.swift */,
				B8A30E121BFCAA8D009B77FB /* ccOrgDataManager.swift */,
				B8A30E101BFCAA88009B77FB /* ccOrganization.swift */,
				B8A30E0E1BFCAA84009B77FB /* ccMemberConfigData.swift */,
				B8A30E1E1BFDEC65009B77FB /* ccOrgActivity.swift */,
				B8A30E201BFDF380009B77FB /* ccOrganizationConfigData.swift */,
			);
			name = DAL;
			sourceTree = "<group>";
		};
		B8A30E1B1BFCB227009B77FB /* Samples */ = {
			isa = PBXGroup;
			children = (
				B8A30E1C1BFCB24D009B77FB /* MembersXML.xml */,
				B8A30E5D1BFEE5CA009B77FB /* OrganizationsXML.xml */,
			);
			name = Samples;
			sourceTree = "<group>";
		};
		B8A392791BDA73A60062CA3E /* 社团 */ = {
			isa = PBXGroup;
			children = (
				B8E3F0561BDB2833004C9431 /* SheTuanViewController.swift */,
				B83025CA1BF83E6E00752EAE /* ShenQingJiaRuViewController.swift */,
				B8A30E221BFDF6BC009B77FB /* SheTuanTableViewCell.swift */,
			);
			name = "社团";
			sourceTree = "<group>";
		};
		B8A3927A1BDA73C50062CA3E /* 新的 */ = {
			isa = PBXGroup;
			children = (
				B805FD4A1BE8C940001DC7AA /* NewHuoDongViewController.swift */,
				B805FD4C1BE8C94C001DC7AA /* NewSheTuanViewController.swift */,
			);
			name = "新的";
			sourceTree = "<group>";
		};
		B8A3927B1BDA740A0062CA3E /* 聊天 */ = {
			isa = PBXGroup;
			children = (
			);
			name = "聊天";
			sourceTree = "<group>";
		};
		B8A3927C1BDA741A0062CA3E /* 我的 */ = {
			isa = PBXGroup;
			children = (
				B83BDC481BDDF527008DA4A6 /* ChuangJianDeSheTuanTableViewController.swift */,
				B83BDC4A1BDDF53F008DA4A6 /* JiaRuDeSheTuanTableViewController.swift */,
				B83BDC4C1BDDF57D008DA4A6 /* ChuangJianDeHuoDongTableViewController.swift */,
				B83BDC4E1BDDF58B008DA4A6 /* CanJiaDeHuoDongTableViewController.swift */,
				B83BDC501BDDF59B008DA4A6 /* WoDeGuanZhuTableViewController.swift */,
			);
			name = "我的";
			sourceTree = "<group>";
		};
		B8DD71511BD912B8003D8C15 /* 活动 */ = {
			isa = PBXGroup;
			children = (
				B8A392771BDA68AC0062CA3E /* HuoDongViewController.swift */,
			);
			name = "活动";
			sourceTree = "<group>";
		};
/* End PBXGroup section */

/* Begin PBXNativeTarget section */
		B852566B1BD7D2B40028DD67 /* iZknu_0.02 */ = {
			isa = PBXNativeTarget;
			buildConfigurationList = B85256891BD7D2B40028DD67 /* Build configuration list for PBXNativeTarget "iZknu_0.02" */;
			buildPhases = (
				B85256681BD7D2B40028DD67 /* Sources */,
				B85256691BD7D2B40028DD67 /* Frameworks */,
				B852566A1BD7D2B40028DD67 /* Resources */,
			);
			buildRules = (
			);
			dependencies = (
			);
			name = iZknu_0.02;
			productName = iZknu_0.02;
			productReference = B852566C1BD7D2B40028DD67 /* iZknu_0.02.app */;
			productType = "com.apple.product-type.application";
		};
		B852567F1BD7D2B40028DD67 /* iZknu_0.02Tests */ = {
			isa = PBXNativeTarget;
			buildConfigurationList = B852568C1BD7D2B40028DD67 /* Build configuration list for PBXNativeTarget "iZknu_0.02Tests" */;
			buildPhases = (
				B852567C1BD7D2B40028DD67 /* Sources */,
				B852567D1BD7D2B40028DD67 /* Frameworks */,
				B852567E1BD7D2B40028DD67 /* Resources */,
			);
			buildRules = (
			);
			dependencies = (
				B85256821BD7D2B40028DD67 /* PBXTargetDependency */,
			);
			name = iZknu_0.02Tests;
			productName = iZknu_0.02Tests;
			productReference = B85256801BD7D2B40028DD67 /* iZknu_0.02Tests.xctest */;
			productType = "com.apple.product-type.bundle.unit-test";
		};
/* End PBXNativeTarget section */

/* Begin PBXProject section */
		B85256641BD7D2B40028DD67 /* Project object */ = {
			isa = PBXProject;
			attributes = {
				LastSwiftUpdateCheck = 0710;
				LastUpgradeCheck = 0700;
				ORGANIZATIONNAME = cn.edu.zknu.jkx;
				TargetAttributes = {
					B852566B1BD7D2B40028DD67 = {
						CreatedOnToolsVersion = 7.0.1;
						DevelopmentTeam = FL3B8CL923;
					};
					B852567F1BD7D2B40028DD67 = {
						CreatedOnToolsVersion = 7.0.1;
						TestTargetID = B852566B1BD7D2B40028DD67;
					};
				};
			};
			buildConfigurationList = B85256671BD7D2B40028DD67 /* Build configuration list for PBXProject "iZknu_0.02" */;
			compatibilityVersion = "Xcode 3.2";
			developmentRegion = English;
			hasScannedForEncodings = 0;
			knownRegions = (
				en,
				Base,
			);
			mainGroup = B85256631BD7D2B40028DD67;
			productRefGroup = B852566D1BD7D2B40028DD67 /* Products */;
			projectDirPath = "";
			projectRoot = "";
			targets = (
				B852566B1BD7D2B40028DD67 /* iZknu_0.02 */,
				B852567F1BD7D2B40028DD67 /* iZknu_0.02Tests */,
			);
		};
/* End PBXProject section */

/* Begin PBXResourcesBuildPhase section */
		B852566A1BD7D2B40028DD67 /* Resources */ = {
			isa = PBXResourcesBuildPhase;
			buildActionMask = 2147483647;
			files = (
				B8A30E5E1BFEE5CA009B77FB /* OrganizationsXML.xml in Resources */,
				B8A30E1D1BFCB24D009B77FB /* MembersXML.xml in Resources */,
				B85256771BD7D2B40028DD67 /* Assets.xcassets in Resources */,
				B8DD71501BD90A03003D8C15 /* Default-568h@2x.png in Resources */,
			);
			runOnlyForDeploymentPostprocessing = 0;
		};
		B852567E1BD7D2B40028DD67 /* Resources */ = {
			isa = PBXResourcesBuildPhase;
			buildActionMask = 2147483647;
			files = (
			);
			runOnlyForDeploymentPostprocessing = 0;
		};
/* End PBXResourcesBuildPhase section */

/* Begin PBXSourcesBuildPhase section */
		B85256681BD7D2B40028DD67 /* Sources */ = {
			isa = PBXSourcesBuildPhase;
			buildActionMask = 2147483647;
			files = (
				B8A30E081BFCAA39009B77FB /* ccBaseLogic.swift in Sources */,
				B8A30E061BFCAA23009B77FB /* ccIF.swift in Sources */,
				B8A30E171BFCAA9B009B77FB /* ccOrgMember.swift in Sources */,
				B83BDC511BDDF59B008DA4A6 /* WoDeGuanZhuTableViewController.swift in Sources */,
				B8A30E211BFDF380009B77FB /* ccOrganizationConfigData.swift in Sources */,
				B8A30E021BFCAA17009B77FB /* ccDataManager.swift in Sources */,
				B8A30E131BFCAA8D009B77FB /* ccOrgDataManager.swift in Sources */,
				B8A30E1F1BFDEC65009B77FB /* ccOrgActivity.swift in Sources */,
				B83025CB1BF83E6E00752EAE /* ShenQingJiaRuViewController.swift in Sources */,
				B852569E1BD8AE1C0028DD67 /* LiaoTianTableViewController.swift in Sources */,
				B8A30DEE1BFC90DA009B77FB /* GDataXMLNode.m in Sources */,
				B8A30E0F1BFCAA84009B77FB /* ccMemberConfigData.swift in Sources */,
				B83BDC4D1BDDF57D008DA4A6 /* ChuangJianDeHuoDongTableViewController.swift in Sources */,
				B8A30E111BFCAA88009B77FB /* ccOrganization.swift in Sources */,
				B8466B621BF475AE0086EE0F /* UICarouselView.swift in Sources */,
				B83BDC4F1BDDF58B008DA4A6 /* CanJiaDeHuoDongTableViewController.swift in Sources */,
				B83BDC491BDDF527008DA4A6 /* ChuangJianDeSheTuanTableViewController.swift in Sources */,
				B852569C1BD8AE0F0028DD67 /* SheTuanTableViewController.swift in Sources */,
				B852569A1BD8AE010028DD67 /* HuoDongTableViewController.swift in Sources */,
				B83BDC4B1BDDF53F008DA4A6 /* JiaRuDeSheTuanTableViewController.swift in Sources */,
				B8A30E041BFCAA1D009B77FB /* ccLogicManager.swift in Sources */,
				B8E3F0571BDB2833004C9431 /* SheTuanViewController.swift in Sources */,
				B805FD4D1BE8C94C001DC7AA /* NewSheTuanViewController.swift in Sources */,
				B85256A01BD8AE270028DD67 /* WoDeTableViewController.swift in Sources */,
				B8A30E0A1BFCAA4A009B77FB /* ccFileWapper.swift in Sources */,
				B85256701BD7D2B40028DD67 /* AppDelegate.swift in Sources */,
				B8A30E0C1BFCAA59009B77FB /* ccSingleton.swift in Sources */,
				B805FD4B1BE8C940001DC7AA /* NewHuoDongViewController.swift in Sources */,
				B8A30E231BFDF6BC009B77FB /* SheTuanTableViewCell.swift in Sources */,
				B8A392781BDA68AC0062CA3E /* HuoDongViewController.swift in Sources */,
				B8A30E151BFCAA92009B77FB /* ccOrgIF.swift in Sources */,
				B85256A41BD8C90B0028DD67 /* XinDeViewController.swift in Sources */,
				B83025C91BF6C8CF00752EAE /* DOPDropDownMenu.m in Sources */,
			);
			runOnlyForDeploymentPostprocessing = 0;
		};
		B852567C1BD7D2B40028DD67 /* Sources */ = {
			isa = PBXSourcesBuildPhase;
			buildActionMask = 2147483647;
			files = (
				B85256851BD7D2B40028DD67 /* iZknu_0_02Tests.swift in Sources */,
			);
			runOnlyForDeploymentPostprocessing = 0;
		};
/* End PBXSourcesBuildPhase section */

/* Begin PBXTargetDependency section */
		B85256821BD7D2B40028DD67 /* PBXTargetDependency */ = {
			isa = PBXTargetDependency;
			target = B852566B1BD7D2B40028DD67 /* iZknu_0.02 */;
			targetProxy = B85256811BD7D2B40028DD67 /* PBXContainerItemProxy */;
		};
/* End PBXTargetDependency section */

/* Begin XCBuildConfiguration section */
		B85256871BD7D2B40028DD67 /* Debug */ = {
			isa = XCBuildConfiguration;
			buildSettings = {
				ALWAYS_SEARCH_USER_PATHS = YES;
				CLANG_CXX_LANGUAGE_STANDARD = "gnu++0x";
				CLANG_CXX_LIBRARY = "libc++";
				CLANG_ENABLE_MODULES = YES;
				CLANG_ENABLE_OBJC_ARC = YES;
				CLANG_WARN_BOOL_CONVERSION = YES;
				CLANG_WARN_CONSTANT_CONVERSION = YES;
				CLANG_WARN_DIRECT_OBJC_ISA_USAGE = YES_ERROR;
				CLANG_WARN_EMPTY_BODY = YES;
				CLANG_WARN_ENUM_CONVERSION = YES;
				CLANG_WARN_INT_CONVERSION = YES;
				CLANG_WARN_OBJC_ROOT_CLASS = YES_ERROR;
				CLANG_WARN_UNREACHABLE_CODE = YES;
				CLANG_WARN__DUPLICATE_METHOD_MATCH = YES;
				"CODE_SIGN_IDENTITY[sdk=iphoneos*]" = "iPhone Developer";
				COPY_PHASE_STRIP = NO;
				DEBUG_INFORMATION_FORMAT = dwarf;
				ENABLE_STRICT_OBJC_MSGSEND = YES;
				ENABLE_TESTABILITY = YES;
				GCC_C_LANGUAGE_STANDARD = gnu99;
				GCC_DYNAMIC_NO_PIC = NO;
				GCC_NO_COMMON_BLOCKS = YES;
				GCC_OPTIMIZATION_LEVEL = 0;
				GCC_PREPROCESSOR_DEFINITIONS = (
					"DEBUG=1",
					"$(inherited)",
				);
				GCC_WARN_64_TO_32_BIT_CONVERSION = YES;
				GCC_WARN_ABOUT_RETURN_TYPE = YES_ERROR;
				GCC_WARN_UNDECLARED_SELECTOR = YES;
				GCC_WARN_UNINITIALIZED_AUTOS = YES_AGGRESSIVE;
				GCC_WARN_UNUSED_FUNCTION = YES;
				GCC_WARN_UNUSED_VARIABLE = YES;
				IPHONEOS_DEPLOYMENT_TARGET = 9.0;
				MTL_ENABLE_DEBUG_INFO = YES;
				ONLY_ACTIVE_ARCH = YES;
				SDKROOT = iphoneos;
				SWIFT_OPTIMIZATION_LEVEL = "-Onone";
				"USER_HEADER_SEARCH_PATHS[arch=*]" = "";
			};
			name = Debug;
		};
		B85256881BD7D2B40028DD67 /* Release */ = {
			isa = XCBuildConfiguration;
			buildSettings = {
				ALWAYS_SEARCH_USER_PATHS = YES;
				CLANG_CXX_LANGUAGE_STANDARD = "gnu++0x";
				CLANG_CXX_LIBRARY = "libc++";
				CLANG_ENABLE_MODULES = YES;
				CLANG_ENABLE_OBJC_ARC = YES;
				CLANG_WARN_BOOL_CONVERSION = YES;
				CLANG_WARN_CONSTANT_CONVERSION = YES;
				CLANG_WARN_DIRECT_OBJC_ISA_USAGE = YES_ERROR;
				CLANG_WARN_EMPTY_BODY = YES;
				CLANG_WARN_ENUM_CONVERSION = YES;
				CLANG_WARN_INT_CONVERSION = YES;
				CLANG_WARN_OBJC_ROOT_CLASS = YES_ERROR;
				CLANG_WARN_UNREACHABLE_CODE = YES;
				CLANG_WARN__DUPLICATE_METHOD_MATCH = YES;
				"CODE_SIGN_IDENTITY[sdk=iphoneos*]" = "iPhone Developer";
				COPY_PHASE_STRIP = NO;
				DEBUG_INFORMATION_FORMAT = "dwarf-with-dsym";
				ENABLE_NS_ASSERTIONS = NO;
				ENABLE_STRICT_OBJC_MSGSEND = YES;
				GCC_C_LANGUAGE_STANDARD = gnu99;
				GCC_NO_COMMON_BLOCKS = YES;
				GCC_WARN_64_TO_32_BIT_CONVERSION = YES;
				GCC_WARN_ABOUT_RETURN_TYPE = YES_ERROR;
				GCC_WARN_UNDECLARED_SELECTOR = YES;
				GCC_WARN_UNINITIALIZED_AUTOS = YES_AGGRESSIVE;
				GCC_WARN_UNUSED_FUNCTION = YES;
				GCC_WARN_UNUSED_VARIABLE = YES;
				IPHONEOS_DEPLOYMENT_TARGET = 9.0;
				MTL_ENABLE_DEBUG_INFO = NO;
				SDKROOT = iphoneos;
				"USER_HEADER_SEARCH_PATHS[arch=*]" = "";
				VALIDATE_PRODUCT = YES;
			};
			name = Release;
		};
		B852568A1BD7D2B40028DD67 /* Debug */ = {
			isa = XCBuildConfiguration;
			buildSettings = {
				ALWAYS_SEARCH_USER_PATHS = YES;
				ASSETCATALOG_COMPILER_APPICON_NAME = AppIcon;
				CLANG_ENABLE_MODULES = YES;
				CODE_SIGN_IDENTITY = "iPhone Developer";
				"CODE_SIGN_IDENTITY[sdk=iphoneos*]" = "iPhone Developer";
				FRAMEWORK_SEARCH_PATHS = (
					"$(PROJECT_DIR)/iZknu_0.02",
					"$(PROJECT_DIR)",
				);
				HEADER_SEARCH_PATHS = "$(SDK_DIR)/usr/include/libxml2";
				INFOPLIST_FILE = iZknu_0.02/Info.plist;
				IPHONEOS_DEPLOYMENT_TARGET = 7.1;
				LD_RUNPATH_SEARCH_PATHS = "$(inherited) @executable_path/Frameworks";
				OTHER_LDFLAGS = "-lxml2";
				PRODUCT_BUNDLE_IDENTIFIER = "-.iZknu-0-02";
				PRODUCT_NAME = "$(TARGET_NAME)";
				PROVISIONING_PROFILE = "";
				SWIFT_OBJC_BRIDGING_HEADER = "iZknu_0.02-Bridging-Header.h";
				SWIFT_OPTIMIZATION_LEVEL = "-Onone";
			};
			name = Debug;
		};
		B852568B1BD7D2B40028DD67 /* Release */ = {
			isa = XCBuildConfiguration;
			buildSettings = {
				ALWAYS_SEARCH_USER_PATHS = YES;
				ASSETCATALOG_COMPILER_APPICON_NAME = AppIcon;
				CLANG_ENABLE_MODULES = YES;
				CODE_SIGN_IDENTITY = "iPhone Developer";
				"CODE_SIGN_IDENTITY[sdk=iphoneos*]" = "iPhone Developer";
				FRAMEWORK_SEARCH_PATHS = (
					"$(PROJECT_DIR)/iZknu_0.02",
					"$(PROJECT_DIR)",
				);
				HEADER_SEARCH_PATHS = "$(SDK_DIR)/usr/include/libxml2";
				INFOPLIST_FILE = iZknu_0.02/Info.plist;
				IPHONEOS_DEPLOYMENT_TARGET = 7.1;
				LD_RUNPATH_SEARCH_PATHS = "$(inherited) @executable_path/Frameworks";
				OTHER_LDFLAGS = "-lxml2";
				PRODUCT_BUNDLE_IDENTIFIER = "-.iZknu-0-02";
				PRODUCT_NAME = "$(TARGET_NAME)";
				PROVISIONING_PROFILE = "";
				SWIFT_OBJC_BRIDGING_HEADER = "iZknu_0.02-Bridging-Header.h";
			};
			name = Release;
		};
		B852568D1BD7D2B40028DD67 /* Debug */ = {
			isa = XCBuildConfiguration;
			buildSettings = {
				BUNDLE_LOADER = "$(TEST_HOST)";
				INFOPLIST_FILE = iZknu_0.02Tests/Info.plist;
				LD_RUNPATH_SEARCH_PATHS = "$(inherited) @executable_path/Frameworks @loader_path/Frameworks";
				PRODUCT_BUNDLE_IDENTIFIER = "-.iZknu-0-02Tests";
				PRODUCT_NAME = "$(TARGET_NAME)";
				TEST_HOST = "$(BUILT_PRODUCTS_DIR)/iZknu_0.02.app/iZknu_0.02";
			};
			name = Debug;
		};
		B852568E1BD7D2B40028DD67 /* Release */ = {
			isa = XCBuildConfiguration;
			buildSettings = {
				BUNDLE_LOADER = "$(TEST_HOST)";
				INFOPLIST_FILE = iZknu_0.02Tests/Info.plist;
				LD_RUNPATH_SEARCH_PATHS = "$(inherited) @executable_path/Frameworks @loader_path/Frameworks";
				PRODUCT_BUNDLE_IDENTIFIER = "-.iZknu-0-02Tests";
				PRODUCT_NAME = "$(TARGET_NAME)";
				TEST_HOST = "$(BUILT_PRODUCTS_DIR)/iZknu_0.02.app/iZknu_0.02";
			};
			name = Release;
		};
/* End XCBuildConfiguration section */

/* Begin XCConfigurationList section */
		B85256671BD7D2B40028DD67 /* Build configuration list for PBXProject "iZknu_0.02" */ = {
			isa = XCConfigurationList;
			buildConfigurations = (
				B85256871BD7D2B40028DD67 /* Debug */,
				B85256881BD7D2B40028DD67 /* Release */,
			);
			defaultConfigurationIsVisible = 0;
			defaultConfigurationName = Release;
		};
		B85256891BD7D2B40028DD67 /* Build configuration list for PBXNativeTarget "iZknu_0.02" */ = {
			isa = XCConfigurationList;
			buildConfigurations = (
				B852568A1BD7D2B40028DD67 /* Debug */,
				B852568B1BD7D2B40028DD67 /* Release */,
			);
			defaultConfigurationIsVisible = 0;
			defaultConfigurationName = Release;
		};
		B852568C1BD7D2B40028DD67 /* Build configuration list for PBXNativeTarget "iZknu_0.02Tests" */ = {
			isa = XCConfigurationList;
			buildConfigurations = (
				B852568D1BD7D2B40028DD67 /* Debug */,
				B852568E1BD7D2B40028DD67 /* Release */,
			);
			defaultConfigurationIsVisible = 0;
			defaultConfigurationName = Release;
		};
/* End XCConfigurationList section */
	};
	rootObject = B85256641BD7D2B40028DD67 /* Project object */;
}
